Microsoft Visual Studio Solution File, Format Version 12.00
# Visual Studio Version 17
VisualStudioVersion = 17.1.32328.378
MinimumVisualStudioVersion = 10.0.40219.1
Project("{9A19103F-16F7-4668-BE54-9A1E7A4F7556}") = "Umbraco.Web.UI", "src\Umbraco.Web.UI\Umbraco.Web.UI.csproj", "{DCDFE97C-5630-4F6F-855D-8AEEB96556A5}"
EndProject
Project("{2150E333-8FDC-42A3-9474-1A3956D46DE8}") = "Tests", "Tests", "{B5BD12C1-A454-435E-8A46-FF4A364C0382}"
	ProjectSection(SolutionItems) = preProject
		tests\.editorconfig = tests\.editorconfig
		tests\codeanalysis.ruleset = tests\codeanalysis.ruleset
		tests\Directory.Build.props = tests\Directory.Build.props
		tests\Directory.Packages.props = tests\Directory.Packages.props
	EndProjectSection
EndProject
Project("{E24C65DC-7377-472B-9ABA-BC803B73C61A}") = "Umbraco.Web.UI.Client", "http://localhost:3961", "{3819A550-DCEC-4153-91B4-8BA9F7F0B9B4}"
	ProjectSection(WebsiteProperties) = preProject
		UseIISExpress = "true"
		TargetFrameworkMoniker = ".NETFramework,Version%3Dv4.8"
		Debug.AspNetCompiler.VirtualPath = "/localhost_3961"
		Debug.AspNetCompiler.PhysicalPath = "src\Umbraco.Web.UI.Client\"
		Debug.AspNetCompiler.TargetPath = "PrecompiledWeb\localhost_3961\"
		Debug.AspNetCompiler.Updateable = "true"
		Debug.AspNetCompiler.ForceOverwrite = "true"
		Debug.AspNetCompiler.FixedNames = "false"
		Debug.AspNetCompiler.Debug = "True"
		Release.AspNetCompiler.VirtualPath = "/localhost_3961"
		Release.AspNetCompiler.PhysicalPath = "src\Umbraco.Web.UI.Client\"
		Release.AspNetCompiler.TargetPath = "PrecompiledWeb\localhost_3961\"
		Release.AspNetCompiler.Updateable = "true"
		Release.AspNetCompiler.ForceOverwrite = "true"
		Release.AspNetCompiler.FixedNames = "false"
		Release.AspNetCompiler.Debug = "False"
		SlnRelativePath = "src\Umbraco.Web.UI.Client\"
		DefaultWebSiteLanguage = "Visual C#"
		StartServerOnDebug = "false"
	EndProjectSection
EndProject
Project("{E24C65DC-7377-472B-9ABA-BC803B73C61A}") = "Umbraco.Web.UI.Login", "http://localhost:3962", "{A5A4D377-A873-4469-AB5F-24B32BC0E55A}"
	ProjectSection(WebsiteProperties) = preProject
		UseIISExpress = "true"
		TargetFrameworkMoniker = ".NETFramework,Version%3Dv4.8"
		Debug.AspNetCompiler.VirtualPath = "/localhost_3962"
		Debug.AspNetCompiler.PhysicalPath = "src\Umbraco.Web.UI.Login\"
		Debug.AspNetCompiler.TargetPath = "PrecompiledWeb\localhost_3962\"
		Debug.AspNetCompiler.Updateable = "true"
		Debug.AspNetCompiler.ForceOverwrite = "true"
		Debug.AspNetCompiler.FixedNames = "false"
		Debug.AspNetCompiler.Debug = "True"
		Release.AspNetCompiler.VirtualPath = "/localhost_3962"
		Release.AspNetCompiler.PhysicalPath = "src\Umbraco.Web.UI.Login\"
		Release.AspNetCompiler.TargetPath = "PrecompiledWeb\localhost_3962\"
		Release.AspNetCompiler.Updateable = "true"
		Release.AspNetCompiler.ForceOverwrite = "true"
		Release.AspNetCompiler.FixedNames = "false"
		Release.AspNetCompiler.Debug = "False"
		SlnRelativePath = "src\Umbraco.Web.UI.Login\"
		DefaultWebSiteLanguage = "Visual C#"
		StartServerOnDebug = "false"
	EndProjectSection
EndProject
Project("{E24C65DC-7377-472B-9ABA-BC803B73C61A}") = "Umbraco.Tests.AcceptanceTest", "http://localhost:58896", "{9E4C8A12-FBE0-4673-8CE2-DF99D5D57817}"
	ProjectSection(WebsiteProperties) = preProject
		UseIISExpress = "true"
		TargetFrameworkMoniker = ".NETFramework,Version%3Dv4.8"
		Debug.AspNetCompiler.VirtualPath = "/localhost_62926"
		Debug.AspNetCompiler.PhysicalPath = "tests\Umbraco.Tests.AcceptanceTest\"
		Debug.AspNetCompiler.TargetPath = "PrecompiledWeb\localhost_62926\"
		Debug.AspNetCompiler.Updateable = "true"
		Debug.AspNetCompiler.ForceOverwrite = "true"
		Debug.AspNetCompiler.FixedNames = "false"
		Debug.AspNetCompiler.Debug = "True"
		Release.AspNetCompiler.VirtualPath = "/localhost_62926"
		Release.AspNetCompiler.PhysicalPath = "tests\Umbraco.Tests.AcceptanceTest\"
		Release.AspNetCompiler.TargetPath = "PrecompiledWeb\localhost_62926\"
		Release.AspNetCompiler.Updateable = "true"
		Release.AspNetCompiler.ForceOverwrite = "true"
		Release.AspNetCompiler.FixedNames = "false"
		Release.AspNetCompiler.Debug = "False"
		SlnRelativePath = "tests\Umbraco.Tests.AcceptanceTest\"
		DefaultWebSiteLanguage = "Visual C#"
		StartServerOnDebug = "false"
	EndProjectSection
EndProject
Project("{9A19103F-16F7-4668-BE54-9A1E7A4F7556}") = "Umbraco.Tests.Benchmarks", "tests\Umbraco.Tests.Benchmarks\Umbraco.Tests.Benchmarks.csproj", "{3A33ADC9-C6C0-4DB1-A613-A9AF0210DF3D}"
EndProject
Project("{9A19103F-16F7-4668-BE54-9A1E7A4F7556}") = "Umbraco.Core", "src\Umbraco.Core\Umbraco.Core.csproj", "{29AA69D9-B597-4395-8D42-43B1263C240A}"
EndProject
Project("{9A19103F-16F7-4668-BE54-9A1E7A4F7556}") = "Umbraco.Infrastructure", "src\Umbraco.Infrastructure\Umbraco.Infrastructure.csproj", "{3AE7BF57-966B-45A5-910A-954D7C554441}"
EndProject
Project("{9A19103F-16F7-4668-BE54-9A1E7A4F7556}") = "Umbraco.TestData", "tests\Umbraco.TestData\Umbraco.TestData.csproj", "{FB5676ED-7A69-492C-B802-E7B24144C0FC}"
EndProject
Project("{9A19103F-16F7-4668-BE54-9A1E7A4F7556}") = "Umbraco.PublishedCache.NuCache", "src\Umbraco.PublishedCache.NuCache\Umbraco.PublishedCache.NuCache.csproj", "{F6DE8DA0-07CC-4EF2-8A59-2BC81DBB3830}"
EndProject
Project("{9A19103F-16F7-4668-BE54-9A1E7A4F7556}") = "Umbraco.Examine.Lucene", "src\Umbraco.Examine.Lucene\Umbraco.Examine.Lucene.csproj", "{0FAD7D2A-D7DD-45B1-91FD-488BB6CDACEA}"
EndProject
Project("{9A19103F-16F7-4668-BE54-9A1E7A4F7556}") = "Umbraco.Web.BackOffice", "src\Umbraco.Web.BackOffice\Umbraco.Web.BackOffice.csproj", "{9B95EEF7-63FE-4432-8C63-166BE9C1A929}"
EndProject
Project("{9A19103F-16F7-4668-BE54-9A1E7A4F7556}") = "Umbraco.Web.Website", "src\Umbraco.Web.Website\Umbraco.Web.Website.csproj", "{5A246D54-3109-4D2B-BE7D-FC0787D126AE}"
EndProject
Project("{9A19103F-16F7-4668-BE54-9A1E7A4F7556}") = "Umbraco.Tests.Integration", "tests\Umbraco.Tests.Integration\Umbraco.Tests.Integration.csproj", "{D6319409-777A-4BD0-93ED-B2DFD805B32C}"
EndProject
Project("{9A19103F-16F7-4668-BE54-9A1E7A4F7556}") = "Umbraco.Tests.Common", "tests\Umbraco.Tests.Common\Umbraco.Tests.Common.csproj", "{A499779C-1B3B-48A8-B551-458E582E6E96}"
EndProject
Project("{9A19103F-16F7-4668-BE54-9A1E7A4F7556}") = "Umbraco.Tests.UnitTests", "tests\Umbraco.Tests.UnitTests\Umbraco.Tests.UnitTests.csproj", "{9102ABDF-E537-4E46-B525-C9ED4833EED0}"
EndProject
Project("{9A19103F-16F7-4668-BE54-9A1E7A4F7556}") = "Umbraco.Web.Common", "src\Umbraco.Web.Common\Umbraco.Web.Common.csproj", "{79E4293D-C92C-4649-AEC8-F1EFD95BDEB1}"
EndProject
Project("{9A19103F-16F7-4668-BE54-9A1E7A4F7556}") = "Umbraco.JsonSchema", "tools\Umbraco.JsonSchema\Umbraco.JsonSchema.csproj", "{2A5027D9-F71D-4957-929E-F7A56AA1B95A}"
EndProject
Project("{9A19103F-16F7-4668-BE54-9A1E7A4F7556}") = "Umbraco.Cms.Persistence.Sqlite", "src\Umbraco.Cms.Persistence.Sqlite\Umbraco.Cms.Persistence.Sqlite.csproj", "{32F6A309-EC1E-4CDB-BA80-C804CF680BEE}"
EndProject
Project("{9A19103F-16F7-4668-BE54-9A1E7A4F7556}") = "Umbraco.Cms.Persistence.SqlServer", "src\Umbraco.Cms.Persistence.SqlServer\Umbraco.Cms.Persistence.SqlServer.csproj", "{93C5910D-2E36-475D-88EB-A11BA5B50F65}"
EndProject
Project("{9A19103F-16F7-4668-BE54-9A1E7A4F7556}") = "Umbraco.Cms.StaticAssets", "src\Umbraco.Cms.StaticAssets\Umbraco.Cms.StaticAssets.csproj", "{D2FD54E8-3470-4A98-8B0C-A9ACB59BED48}"
EndProject
Project("{2150E333-8FDC-42A3-9474-1A3956D46DE8}") = "Templates", "Templates", "{6D72A60B-0542-4AA9-A493-DD4179E838A1}"
EndProject
Project("{9A19103F-16F7-4668-BE54-9A1E7A4F7556}") = "Umbraco.Templates", "templates\Umbraco.Templates.csproj", "{05C1D0C8-C592-468F-AF8F-A299B9B3A903}"
EndProject
Project("{9A19103F-16F7-4668-BE54-9A1E7A4F7556}") = "Umbraco.Cms", "src\Umbraco.Cms\Umbraco.Cms.csproj", "{92EAA57A-CC99-4F5D-9D9C-B865293F6000}"
EndProject
Project("{9A19103F-16F7-4668-BE54-9A1E7A4F7556}") = "Umbraco.Cms.Targets", "src\Umbraco.Cms.Targets\Umbraco.Cms.Targets.csproj", "{B51C10FC-FD20-451E-90DD-A117133403DF}"
EndProject
Project("{2150E333-8FDC-42A3-9474-1A3956D46DE8}") = "Solution Items", "Solution Items", "{E5D4B5F9-6CCE-46CE-8985-9A350445F92B}"
	ProjectSection(SolutionItems) = preProject
		.artifactignore = .artifactignore
		.editorconfig = .editorconfig
		.gitattributes = .gitattributes
		.gitignore = .gitignore
		.globalconfig = .globalconfig
		Directory.Build.props = Directory.Build.props
		Directory.Packages.props = Directory.Packages.props
		global.json = global.json
		icon.png = icon.png
		LICENSE.md = LICENSE.md
		umbraco.sln.DotSettings = umbraco.sln.DotSettings
		nuget.config = nuget.config
		version.json = version.json
	EndProjectSection
EndProject
Project("{2150E333-8FDC-42A3-9474-1A3956D46DE8}") = "build", "build", "{20CE9C97-9314-4A19-BCF1-D12CF49B7205}"
	ProjectSection(SolutionItems) = preProject
		build\azure-pipelines.yml = build\azure-pipelines.yml
	EndProjectSection
EndProject
Project("{2150E333-8FDC-42A3-9474-1A3956D46DE8}") = "csharp-docs", "csharp-docs", "{F2BF84D9-0A14-40AF-A0F3-B9BBBBC16A44}"
	ProjectSection(SolutionItems) = preProject
		build\csharp-docs\docfx.filter.yml = build\csharp-docs\docfx.filter.yml
		build\csharp-docs\docfx.json = build\csharp-docs\docfx.json
		build\csharp-docs\index.md = build\csharp-docs\index.md
		build\csharp-docs\toc.yml = build\csharp-docs\toc.yml
	EndProjectSection
EndProject
Project("{2150E333-8FDC-42A3-9474-1A3956D46DE8}") = "umbracotemplate", "umbracotemplate", "{2B47AD9F-FFF1-448A-88F1-D4F568811738}"
EndProject
Project("{2150E333-8FDC-42A3-9474-1A3956D46DE8}") = "partials", "partials", "{25AECCB5-B187-4406-844B-91B8FF0FCB37}"
	ProjectSection(SolutionItems) = preProject
		build\csharp-docs\umbracotemplate\partials\class.tmpl.partial = build\csharp-docs\umbracotemplate\partials\class.tmpl.partial
		build\csharp-docs\umbracotemplate\partials\footer.tmpl.partial = build\csharp-docs\umbracotemplate\partials\footer.tmpl.partial
		build\csharp-docs\umbracotemplate\partials\head.tmpl.partial = build\csharp-docs\umbracotemplate\partials\head.tmpl.partial
		build\csharp-docs\umbracotemplate\partials\namespace.tmpl.partial = build\csharp-docs\umbracotemplate\partials\namespace.tmpl.partial
		build\csharp-docs\umbracotemplate\partials\navbar.tmpl.partial = build\csharp-docs\umbracotemplate\partials\navbar.tmpl.partial
		build\csharp-docs\umbracotemplate\partials\rest.tmpl.partial = build\csharp-docs\umbracotemplate\partials\rest.tmpl.partial
	EndProjectSection
EndProject
Project("{2150E333-8FDC-42A3-9474-1A3956D46DE8}") = "styles", "styles", "{EA628ABD-624E-4AF3-B548-6710D4D66531}"
	ProjectSection(SolutionItems) = preProject
		build\csharp-docs\umbracotemplate\styles\main.css = build\csharp-docs\umbracotemplate\styles\main.css
	EndProjectSection
EndProject
Project("{9A19103F-16F7-4668-BE54-9A1E7A4F7556}") = "Umbraco.Cms.Imaging.ImageSharp2", "src\Umbraco.Cms.Imaging.ImageSharp2\Umbraco.Cms.Imaging.ImageSharp2.csproj", "{C280181E-597B-4AA5-82E7-D7017E928749}"
EndProject
Project("{2150E333-8FDC-42A3-9474-1A3956D46DE8}") = "Tools", "Tools", "{05878304-40EB-4F84-B40B-91BDB70DE094}"
EndProject
Project("{9A19103F-16F7-4668-BE54-9A1E7A4F7556}") = "Umbraco.Cms.Api.Delivery", "src\Umbraco.Cms.Api.Delivery\Umbraco.Cms.Api.Delivery.csproj", "{9AA3D21F-81A9-4F27-85D1-CE850B59DC2D}"
EndProject
Project("{9A19103F-16F7-4668-BE54-9A1E7A4F7556}") = "Umbraco.Cms.Api.Common", "src\Umbraco.Cms.Api.Common\Umbraco.Cms.Api.Common.csproj", "{D48B5D6B-82FF-4235-986C-CDE646F41DEC}"
EndProject
Project("{9A19103F-16F7-4668-BE54-9A1E7A4F7556}") = "Umbraco.Cms.Imaging.ImageSharp", "src\Umbraco.Cms.Imaging.ImageSharp\Umbraco.Cms.Imaging.ImageSharp.csproj", "{35E3DA10-5549-41DE-B7ED-CC29355BA9FD}"
EndProject
Project("{9A19103F-16F7-4668-BE54-9A1E7A4F7556}") = "Umbraco.Cms.Persistence.EFCore", "src\Umbraco.Cms.Persistence.EFCore\Umbraco.Cms.Persistence.EFCore.csproj", "{9046F56E-4AC3-4603-A6A3-3ACCF632997E}"
EndProject
Project("{9A19103F-16F7-4668-BE54-9A1E7A4F7556}") = "Umbraco.Cms.Persistence.EFCore.Sqlite", "src\Umbraco.Cms.Persistence.EFCore.Sqlite\Umbraco.Cms.Persistence.EFCore.Sqlite.csproj", "{8B4771F0-8EC2-4761-BBCE-DDE073DB3B7A}"
EndProject
Project("{9A19103F-16F7-4668-BE54-9A1E7A4F7556}") = "Umbraco.Cms.Persistence.EFCore.SqlServer", "src\Umbraco.Cms.Persistence.EFCore.SqlServer\Umbraco.Cms.Persistence.EFCore.SqlServer.csproj", "{9276C3F0-0DC9-46C9-BF32-9EE79D92AE02}"
EndProject
Global
	GlobalSection(SolutionConfigurationPlatforms) = preSolution
		Debug|Any CPU = Debug|Any CPU
		Release|Any CPU = Release|Any CPU
		SkipTests|Any CPU = SkipTests|Any CPU
	EndGlobalSection
	GlobalSection(ProjectConfigurationPlatforms) = postSolution
		{DCDFE97C-5630-4F6F-855D-8AEEB96556A5}.Debug|Any CPU.ActiveCfg = Debug|Any CPU
		{DCDFE97C-5630-4F6F-855D-8AEEB96556A5}.Debug|Any CPU.Build.0 = Debug|Any CPU
		{DCDFE97C-5630-4F6F-855D-8AEEB96556A5}.Release|Any CPU.ActiveCfg = Release|Any CPU
		{DCDFE97C-5630-4F6F-855D-8AEEB96556A5}.Release|Any CPU.Build.0 = Release|Any CPU
		{DCDFE97C-5630-4F6F-855D-8AEEB96556A5}.SkipTests|Any CPU.ActiveCfg = Debug|Any CPU
		{DCDFE97C-5630-4F6F-855D-8AEEB96556A5}.SkipTests|Any CPU.Build.0 = Debug|Any CPU
		{3819A550-DCEC-4153-91B4-8BA9F7F0B9B4}.Debug|Any CPU.ActiveCfg = Debug|Any CPU
		{3819A550-DCEC-4153-91B4-8BA9F7F0B9B4}.Release|Any CPU.ActiveCfg = Release|Any CPU
		{3819A550-DCEC-4153-91B4-8BA9F7F0B9B4}.SkipTests|Any CPU.ActiveCfg = Debug|Any CPU
		{A5A4D377-A873-4469-AB5F-24B32BC0E55A}.Debug|Any CPU.ActiveCfg = Debug|Any CPU
		{A5A4D377-A873-4469-AB5F-24B32BC0E55A}.Release|Any CPU.ActiveCfg = Debug|Any CPU
		{A5A4D377-A873-4469-AB5F-24B32BC0E55A}.SkipTests|Any CPU.ActiveCfg = Debug|Any CPU
		{9E4C8A12-FBE0-4673-8CE2-DF99D5D57817}.Debug|Any CPU.ActiveCfg = Debug|Any CPU
		{9E4C8A12-FBE0-4673-8CE2-DF99D5D57817}.Release|Any CPU.ActiveCfg = Release|Any CPU
		{9E4C8A12-FBE0-4673-8CE2-DF99D5D57817}.SkipTests|Any CPU.ActiveCfg = Debug|Any CPU
		{3A33ADC9-C6C0-4DB1-A613-A9AF0210DF3D}.Debug|Any CPU.ActiveCfg = Debug|Any CPU
		{3A33ADC9-C6C0-4DB1-A613-A9AF0210DF3D}.Debug|Any CPU.Build.0 = Debug|Any CPU
		{3A33ADC9-C6C0-4DB1-A613-A9AF0210DF3D}.Release|Any CPU.ActiveCfg = Release|Any CPU
		{3A33ADC9-C6C0-4DB1-A613-A9AF0210DF3D}.Release|Any CPU.Build.0 = Release|Any CPU
		{3A33ADC9-C6C0-4DB1-A613-A9AF0210DF3D}.SkipTests|Any CPU.ActiveCfg = Debug|Any CPU
		{29AA69D9-B597-4395-8D42-43B1263C240A}.Debug|Any CPU.ActiveCfg = Debug|Any CPU
		{29AA69D9-B597-4395-8D42-43B1263C240A}.Debug|Any CPU.Build.0 = Debug|Any CPU
		{29AA69D9-B597-4395-8D42-43B1263C240A}.Release|Any CPU.ActiveCfg = Release|Any CPU
		{29AA69D9-B597-4395-8D42-43B1263C240A}.Release|Any CPU.Build.0 = Release|Any CPU
		{29AA69D9-B597-4395-8D42-43B1263C240A}.SkipTests|Any CPU.ActiveCfg = Debug|Any CPU
		{29AA69D9-B597-4395-8D42-43B1263C240A}.SkipTests|Any CPU.Build.0 = Debug|Any CPU
		{3AE7BF57-966B-45A5-910A-954D7C554441}.Debug|Any CPU.ActiveCfg = Debug|Any CPU
		{3AE7BF57-966B-45A5-910A-954D7C554441}.Debug|Any CPU.Build.0 = Debug|Any CPU
		{3AE7BF57-966B-45A5-910A-954D7C554441}.Release|Any CPU.ActiveCfg = Release|Any CPU
		{3AE7BF57-966B-45A5-910A-954D7C554441}.Release|Any CPU.Build.0 = Release|Any CPU
		{3AE7BF57-966B-45A5-910A-954D7C554441}.SkipTests|Any CPU.ActiveCfg = Debug|Any CPU
		{3AE7BF57-966B-45A5-910A-954D7C554441}.SkipTests|Any CPU.Build.0 = Debug|Any CPU
		{FB5676ED-7A69-492C-B802-E7B24144C0FC}.Debug|Any CPU.ActiveCfg = Debug|Any CPU
		{FB5676ED-7A69-492C-B802-E7B24144C0FC}.Debug|Any CPU.Build.0 = Debug|Any CPU
		{FB5676ED-7A69-492C-B802-E7B24144C0FC}.Release|Any CPU.ActiveCfg = Release|Any CPU
		{FB5676ED-7A69-492C-B802-E7B24144C0FC}.Release|Any CPU.Build.0 = Release|Any CPU
		{FB5676ED-7A69-492C-B802-E7B24144C0FC}.SkipTests|Any CPU.ActiveCfg = Debug|Any CPU
		{F6DE8DA0-07CC-4EF2-8A59-2BC81DBB3830}.Debug|Any CPU.ActiveCfg = Debug|Any CPU
		{F6DE8DA0-07CC-4EF2-8A59-2BC81DBB3830}.Debug|Any CPU.Build.0 = Debug|Any CPU
		{F6DE8DA0-07CC-4EF2-8A59-2BC81DBB3830}.Release|Any CPU.ActiveCfg = Release|Any CPU
		{F6DE8DA0-07CC-4EF2-8A59-2BC81DBB3830}.Release|Any CPU.Build.0 = Release|Any CPU
		{F6DE8DA0-07CC-4EF2-8A59-2BC81DBB3830}.SkipTests|Any CPU.ActiveCfg = Debug|Any CPU
		{F6DE8DA0-07CC-4EF2-8A59-2BC81DBB3830}.SkipTests|Any CPU.Build.0 = Debug|Any CPU
		{0FAD7D2A-D7DD-45B1-91FD-488BB6CDACEA}.Debug|Any CPU.ActiveCfg = Debug|Any CPU
		{0FAD7D2A-D7DD-45B1-91FD-488BB6CDACEA}.Debug|Any CPU.Build.0 = Debug|Any CPU
		{0FAD7D2A-D7DD-45B1-91FD-488BB6CDACEA}.Release|Any CPU.ActiveCfg = Release|Any CPU
		{0FAD7D2A-D7DD-45B1-91FD-488BB6CDACEA}.Release|Any CPU.Build.0 = Release|Any CPU
		{0FAD7D2A-D7DD-45B1-91FD-488BB6CDACEA}.SkipTests|Any CPU.ActiveCfg = Debug|Any CPU
		{0FAD7D2A-D7DD-45B1-91FD-488BB6CDACEA}.SkipTests|Any CPU.Build.0 = Debug|Any CPU
		{9B95EEF7-63FE-4432-8C63-166BE9C1A929}.Debug|Any CPU.ActiveCfg = Debug|Any CPU
		{9B95EEF7-63FE-4432-8C63-166BE9C1A929}.Debug|Any CPU.Build.0 = Debug|Any CPU
		{9B95EEF7-63FE-4432-8C63-166BE9C1A929}.Release|Any CPU.ActiveCfg = Release|Any CPU
		{9B95EEF7-63FE-4432-8C63-166BE9C1A929}.Release|Any CPU.Build.0 = Release|Any CPU
		{9B95EEF7-63FE-4432-8C63-166BE9C1A929}.SkipTests|Any CPU.ActiveCfg = Debug|Any CPU
		{9B95EEF7-63FE-4432-8C63-166BE9C1A929}.SkipTests|Any CPU.Build.0 = Debug|Any CPU
		{5A246D54-3109-4D2B-BE7D-FC0787D126AE}.Debug|Any CPU.ActiveCfg = Debug|Any CPU
		{5A246D54-3109-4D2B-BE7D-FC0787D126AE}.Debug|Any CPU.Build.0 = Debug|Any CPU
		{5A246D54-3109-4D2B-BE7D-FC0787D126AE}.Release|Any CPU.ActiveCfg = Release|Any CPU
		{5A246D54-3109-4D2B-BE7D-FC0787D126AE}.Release|Any CPU.Build.0 = Release|Any CPU
		{5A246D54-3109-4D2B-BE7D-FC0787D126AE}.SkipTests|Any CPU.ActiveCfg = Debug|Any CPU
		{5A246D54-3109-4D2B-BE7D-FC0787D126AE}.SkipTests|Any CPU.Build.0 = Debug|Any CPU
		{D6319409-777A-4BD0-93ED-B2DFD805B32C}.Debug|Any CPU.ActiveCfg = Debug|Any CPU
		{D6319409-777A-4BD0-93ED-B2DFD805B32C}.Debug|Any CPU.Build.0 = Debug|Any CPU
		{D6319409-777A-4BD0-93ED-B2DFD805B32C}.Release|Any CPU.ActiveCfg = Release|Any CPU
		{D6319409-777A-4BD0-93ED-B2DFD805B32C}.Release|Any CPU.Build.0 = Release|Any CPU
		{D6319409-777A-4BD0-93ED-B2DFD805B32C}.SkipTests|Any CPU.ActiveCfg = Debug|Any CPU
		{A499779C-1B3B-48A8-B551-458E582E6E96}.Debug|Any CPU.ActiveCfg = Debug|Any CPU
		{A499779C-1B3B-48A8-B551-458E582E6E96}.Debug|Any CPU.Build.0 = Debug|Any CPU
		{A499779C-1B3B-48A8-B551-458E582E6E96}.Release|Any CPU.ActiveCfg = Release|Any CPU
		{A499779C-1B3B-48A8-B551-458E582E6E96}.Release|Any CPU.Build.0 = Release|Any CPU
		{A499779C-1B3B-48A8-B551-458E582E6E96}.SkipTests|Any CPU.ActiveCfg = Debug|Any CPU
		{9102ABDF-E537-4E46-B525-C9ED4833EED0}.Debug|Any CPU.ActiveCfg = Debug|Any CPU
		{9102ABDF-E537-4E46-B525-C9ED4833EED0}.Debug|Any CPU.Build.0 = Debug|Any CPU
		{9102ABDF-E537-4E46-B525-C9ED4833EED0}.Release|Any CPU.ActiveCfg = Release|Any CPU
		{9102ABDF-E537-4E46-B525-C9ED4833EED0}.Release|Any CPU.Build.0 = Release|Any CPU
		{9102ABDF-E537-4E46-B525-C9ED4833EED0}.SkipTests|Any CPU.ActiveCfg = Debug|Any CPU
		{79E4293D-C92C-4649-AEC8-F1EFD95BDEB1}.Debug|Any CPU.ActiveCfg = Debug|Any CPU
		{79E4293D-C92C-4649-AEC8-F1EFD95BDEB1}.Debug|Any CPU.Build.0 = Debug|Any CPU
		{79E4293D-C92C-4649-AEC8-F1EFD95BDEB1}.Release|Any CPU.ActiveCfg = Release|Any CPU
		{79E4293D-C92C-4649-AEC8-F1EFD95BDEB1}.Release|Any CPU.Build.0 = Release|Any CPU
		{79E4293D-C92C-4649-AEC8-F1EFD95BDEB1}.SkipTests|Any CPU.ActiveCfg = Debug|Any CPU
		{79E4293D-C92C-4649-AEC8-F1EFD95BDEB1}.SkipTests|Any CPU.Build.0 = Debug|Any CPU
		{2A5027D9-F71D-4957-929E-F7A56AA1B95A}.Debug|Any CPU.ActiveCfg = Debug|Any CPU
		{2A5027D9-F71D-4957-929E-F7A56AA1B95A}.Debug|Any CPU.Build.0 = Debug|Any CPU
		{2A5027D9-F71D-4957-929E-F7A56AA1B95A}.Release|Any CPU.ActiveCfg = Release|Any CPU
		{2A5027D9-F71D-4957-929E-F7A56AA1B95A}.Release|Any CPU.Build.0 = Release|Any CPU
		{2A5027D9-F71D-4957-929E-F7A56AA1B95A}.SkipTests|Any CPU.ActiveCfg = Debug|Any CPU
		{2A5027D9-F71D-4957-929E-F7A56AA1B95A}.SkipTests|Any CPU.Build.0 = Debug|Any CPU
		{32F6A309-EC1E-4CDB-BA80-C804CF680BEE}.Debug|Any CPU.ActiveCfg = Debug|Any CPU
		{32F6A309-EC1E-4CDB-BA80-C804CF680BEE}.Debug|Any CPU.Build.0 = Debug|Any CPU
		{32F6A309-EC1E-4CDB-BA80-C804CF680BEE}.Release|Any CPU.ActiveCfg = Release|Any CPU
		{32F6A309-EC1E-4CDB-BA80-C804CF680BEE}.Release|Any CPU.Build.0 = Release|Any CPU
		{32F6A309-EC1E-4CDB-BA80-C804CF680BEE}.SkipTests|Any CPU.ActiveCfg = Debug|Any CPU
		{32F6A309-EC1E-4CDB-BA80-C804CF680BEE}.SkipTests|Any CPU.Build.0 = Debug|Any CPU
		{93C5910D-2E36-475D-88EB-A11BA5B50F65}.Debug|Any CPU.ActiveCfg = Debug|Any CPU
		{93C5910D-2E36-475D-88EB-A11BA5B50F65}.Debug|Any CPU.Build.0 = Debug|Any CPU
		{93C5910D-2E36-475D-88EB-A11BA5B50F65}.Release|Any CPU.ActiveCfg = Release|Any CPU
		{93C5910D-2E36-475D-88EB-A11BA5B50F65}.Release|Any CPU.Build.0 = Release|Any CPU
		{93C5910D-2E36-475D-88EB-A11BA5B50F65}.SkipTests|Any CPU.ActiveCfg = Debug|Any CPU
		{93C5910D-2E36-475D-88EB-A11BA5B50F65}.SkipTests|Any CPU.Build.0 = Debug|Any CPU
		{D2FD54E8-3470-4A98-8B0C-A9ACB59BED48}.Debug|Any CPU.ActiveCfg = Debug|Any CPU
		{D2FD54E8-3470-4A98-8B0C-A9ACB59BED48}.Debug|Any CPU.Build.0 = Debug|Any CPU
		{D2FD54E8-3470-4A98-8B0C-A9ACB59BED48}.Release|Any CPU.ActiveCfg = Release|Any CPU
		{D2FD54E8-3470-4A98-8B0C-A9ACB59BED48}.Release|Any CPU.Build.0 = Release|Any CPU
		{D2FD54E8-3470-4A98-8B0C-A9ACB59BED48}.SkipTests|Any CPU.ActiveCfg = Debug|Any CPU
		{D2FD54E8-3470-4A98-8B0C-A9ACB59BED48}.SkipTests|Any CPU.Build.0 = Debug|Any CPU
		{05C1D0C8-C592-468F-AF8F-A299B9B3A903}.Debug|Any CPU.ActiveCfg = Debug|Any CPU
		{05C1D0C8-C592-468F-AF8F-A299B9B3A903}.Debug|Any CPU.Build.0 = Debug|Any CPU
		{05C1D0C8-C592-468F-AF8F-A299B9B3A903}.Release|Any CPU.ActiveCfg = Release|Any CPU
		{05C1D0C8-C592-468F-AF8F-A299B9B3A903}.Release|Any CPU.Build.0 = Release|Any CPU
		{05C1D0C8-C592-468F-AF8F-A299B9B3A903}.SkipTests|Any CPU.ActiveCfg = Debug|Any CPU
		{05C1D0C8-C592-468F-AF8F-A299B9B3A903}.SkipTests|Any CPU.Build.0 = Debug|Any CPU
		{92EAA57A-CC99-4F5D-9D9C-B865293F6000}.Debug|Any CPU.ActiveCfg = Debug|Any CPU
		{92EAA57A-CC99-4F5D-9D9C-B865293F6000}.Debug|Any CPU.Build.0 = Debug|Any CPU
		{92EAA57A-CC99-4F5D-9D9C-B865293F6000}.Release|Any CPU.ActiveCfg = Release|Any CPU
		{92EAA57A-CC99-4F5D-9D9C-B865293F6000}.Release|Any CPU.Build.0 = Release|Any CPU
		{92EAA57A-CC99-4F5D-9D9C-B865293F6000}.SkipTests|Any CPU.ActiveCfg = Debug|Any CPU
		{92EAA57A-CC99-4F5D-9D9C-B865293F6000}.SkipTests|Any CPU.Build.0 = Debug|Any CPU
		{B51C10FC-FD20-451E-90DD-A117133403DF}.Debug|Any CPU.ActiveCfg = Debug|Any CPU
		{B51C10FC-FD20-451E-90DD-A117133403DF}.Debug|Any CPU.Build.0 = Debug|Any CPU
		{B51C10FC-FD20-451E-90DD-A117133403DF}.Release|Any CPU.ActiveCfg = Release|Any CPU
		{B51C10FC-FD20-451E-90DD-A117133403DF}.Release|Any CPU.Build.0 = Release|Any CPU
		{B51C10FC-FD20-451E-90DD-A117133403DF}.SkipTests|Any CPU.ActiveCfg = Debug|Any CPU
		{B51C10FC-FD20-451E-90DD-A117133403DF}.SkipTests|Any CPU.Build.0 = Debug|Any CPU
		{C280181E-597B-4AA5-82E7-D7017E928749}.Debug|Any CPU.ActiveCfg = Debug|Any CPU
		{C280181E-597B-4AA5-82E7-D7017E928749}.Debug|Any CPU.Build.0 = Debug|Any CPU
		{C280181E-597B-4AA5-82E7-D7017E928749}.Release|Any CPU.ActiveCfg = Release|Any CPU
		{C280181E-597B-4AA5-82E7-D7017E928749}.Release|Any CPU.Build.0 = Release|Any CPU
		{C280181E-597B-4AA5-82E7-D7017E928749}.SkipTests|Any CPU.ActiveCfg = Debug|Any CPU
		{C280181E-597B-4AA5-82E7-D7017E928749}.SkipTests|Any CPU.Build.0 = Debug|Any CPU
		{9AA3D21F-81A9-4F27-85D1-CE850B59DC2D}.Debug|Any CPU.ActiveCfg = Debug|Any CPU
		{9AA3D21F-81A9-4F27-85D1-CE850B59DC2D}.Debug|Any CPU.Build.0 = Debug|Any CPU
		{9AA3D21F-81A9-4F27-85D1-CE850B59DC2D}.Release|Any CPU.ActiveCfg = Release|Any CPU
		{9AA3D21F-81A9-4F27-85D1-CE850B59DC2D}.Release|Any CPU.Build.0 = Release|Any CPU
		{9AA3D21F-81A9-4F27-85D1-CE850B59DC2D}.SkipTests|Any CPU.ActiveCfg = Debug|Any CPU
		{9AA3D21F-81A9-4F27-85D1-CE850B59DC2D}.SkipTests|Any CPU.Build.0 = Debug|Any CPU
		{D48B5D6B-82FF-4235-986C-CDE646F41DEC}.Debug|Any CPU.ActiveCfg = Debug|Any CPU
		{D48B5D6B-82FF-4235-986C-CDE646F41DEC}.Debug|Any CPU.Build.0 = Debug|Any CPU
		{D48B5D6B-82FF-4235-986C-CDE646F41DEC}.Release|Any CPU.ActiveCfg = Release|Any CPU
		{D48B5D6B-82FF-4235-986C-CDE646F41DEC}.Release|Any CPU.Build.0 = Release|Any CPU
		{D48B5D6B-82FF-4235-986C-CDE646F41DEC}.SkipTests|Any CPU.ActiveCfg = Debug|Any CPU
		{D48B5D6B-82FF-4235-986C-CDE646F41DEC}.SkipTests|Any CPU.Build.0 = Debug|Any CPU
		{35E3DA10-5549-41DE-B7ED-CC29355BA9FD}.Debug|Any CPU.ActiveCfg = Debug|Any CPU
		{35E3DA10-5549-41DE-B7ED-CC29355BA9FD}.Debug|Any CPU.Build.0 = Debug|Any CPU
		{35E3DA10-5549-41DE-B7ED-CC29355BA9FD}.Release|Any CPU.ActiveCfg = Release|Any CPU
		{35E3DA10-5549-41DE-B7ED-CC29355BA9FD}.Release|Any CPU.Build.0 = Release|Any CPU
		{35E3DA10-5549-41DE-B7ED-CC29355BA9FD}.SkipTests|Any CPU.ActiveCfg = Debug|Any CPU
		{35E3DA10-5549-41DE-B7ED-CC29355BA9FD}.SkipTests|Any CPU.Build.0 = Debug|Any CPU
		{9046F56E-4AC3-4603-A6A3-3ACCF632997E}.Debug|Any CPU.ActiveCfg = Debug|Any CPU
		{9046F56E-4AC3-4603-A6A3-3ACCF632997E}.Debug|Any CPU.Build.0 = Debug|Any CPU
		{9046F56E-4AC3-4603-A6A3-3ACCF632997E}.Release|Any CPU.ActiveCfg = Release|Any CPU
		{9046F56E-4AC3-4603-A6A3-3ACCF632997E}.Release|Any CPU.Build.0 = Release|Any CPU
		{9046F56E-4AC3-4603-A6A3-3ACCF632997E}.SkipTests|Any CPU.ActiveCfg = Debug|Any CPU
		{9046F56E-4AC3-4603-A6A3-3ACCF632997E}.SkipTests|Any CPU.Build.0 = Debug|Any CPU
		{8B4771F0-8EC2-4761-BBCE-DDE073DB3B7A}.Debug|Any CPU.ActiveCfg = Debug|Any CPU
		{8B4771F0-8EC2-4761-BBCE-DDE073DB3B7A}.Debug|Any CPU.Build.0 = Debug|Any CPU
		{8B4771F0-8EC2-4761-BBCE-DDE073DB3B7A}.Release|Any CPU.ActiveCfg = Release|Any CPU
		{8B4771F0-8EC2-4761-BBCE-DDE073DB3B7A}.Release|Any CPU.Build.0 = Release|Any CPU
		{8B4771F0-8EC2-4761-BBCE-DDE073DB3B7A}.SkipTests|Any CPU.ActiveCfg = Debug|Any CPU
		{8B4771F0-8EC2-4761-BBCE-DDE073DB3B7A}.SkipTests|Any CPU.Build.0 = Debug|Any CPU
		{9276C3F0-0DC9-46C9-BF32-9EE79D92AE02}.Debug|Any CPU.ActiveCfg = Debug|Any CPU
		{9276C3F0-0DC9-46C9-BF32-9EE79D92AE02}.Debug|Any CPU.Build.0 = Debug|Any CPU
		{9276C3F0-0DC9-46C9-BF32-9EE79D92AE02}.Release|Any CPU.ActiveCfg = Release|Any CPU
		{9276C3F0-0DC9-46C9-BF32-9EE79D92AE02}.Release|Any CPU.Build.0 = Release|Any CPU
		{9276C3F0-0DC9-46C9-BF32-9EE79D92AE02}.SkipTests|Any CPU.ActiveCfg = Debug|Any CPU
		{9276C3F0-0DC9-46C9-BF32-9EE79D92AE02}.SkipTests|Any CPU.Build.0 = Debug|Any CPU
	EndGlobalSection
	GlobalSection(SolutionProperties) = preSolution
		HideSolutionNode = FALSE
	EndGlobalSection
	GlobalSection(NestedProjects) = preSolution
		{9E4C8A12-FBE0-4673-8CE2-DF99D5D57817} = {B5BD12C1-A454-435E-8A46-FF4A364C0382}
		{3A33ADC9-C6C0-4DB1-A613-A9AF0210DF3D} = {B5BD12C1-A454-435E-8A46-FF4A364C0382}
		{FB5676ED-7A69-492C-B802-E7B24144C0FC} = {B5BD12C1-A454-435E-8A46-FF4A364C0382}
		{D6319409-777A-4BD0-93ED-B2DFD805B32C} = {B5BD12C1-A454-435E-8A46-FF4A364C0382}
		{A499779C-1B3B-48A8-B551-458E582E6E96} = {B5BD12C1-A454-435E-8A46-FF4A364C0382}
		{9102ABDF-E537-4E46-B525-C9ED4833EED0} = {B5BD12C1-A454-435E-8A46-FF4A364C0382}
		{2A5027D9-F71D-4957-929E-F7A56AA1B95A} = {05878304-40EB-4F84-B40B-91BDB70DE094}
		{05C1D0C8-C592-468F-AF8F-A299B9B3A903} = {6D72A60B-0542-4AA9-A493-DD4179E838A1}
		{20CE9C97-9314-4A19-BCF1-D12CF49B7205} = {E5D4B5F9-6CCE-46CE-8985-9A350445F92B}
		{F2BF84D9-0A14-40AF-A0F3-B9BBBBC16A44} = {20CE9C97-9314-4A19-BCF1-D12CF49B7205}
		{2B47AD9F-FFF1-448A-88F1-D4F568811738} = {F2BF84D9-0A14-40AF-A0F3-B9BBBBC16A44}
		{25AECCB5-B187-4406-844B-91B8FF0FCB37} = {2B47AD9F-FFF1-448A-88F1-D4F568811738}
		{EA628ABD-624E-4AF3-B548-6710D4D66531} = {2B47AD9F-FFF1-448A-88F1-D4F568811738}
	EndGlobalSection
	GlobalSection(ExtensibilityGlobals) = postSolution
		SolutionGuid = {7A0F2E34-D2AF-4DAB-86A0-7D7764B3D0EC}
	EndGlobalSection
EndGlobal
