Microsoft Visual Studio Solution File, Format Version 10.00
# Visual Studio 2008
Project("{2150E333-8FDC-42A3-9474-1A3956D46DE8}") = "Solution Items", "Solution Items", "{F0242771-6DE6-4E03-BD3A-7B79BA79105B}"
	ProjectSection(SolutionItems) = preProject
		build.xml = build.xml
		default.build = default.build
		SHANDEMVAIO.testrunconfig = SHANDEMVAIO.testrunconfig
		umbraco weekly.build = umbraco weekly.build
		umbraco.build = umbraco.build
		umbraco.vsmdi = umbraco.vsmdi
	EndProjectSection
EndProject
Project("{2150E333-8FDC-42A3-9474-1A3956D46DE8}") = "StandardConfig", "StandardConfig", "{B8ECDB8B-BF44-462C-B6DA-22421B3EC4D7}"
	ProjectSection(SolutionItems) = preProject
		config templates\access.xml = config templates\access.xml
		aspnet35.config = aspnet35.config
		config templates\config\UI.xml = config templates\config\UI.xml
		config templates\umbraco.config = config templates\umbraco.config
		config templates\web.config = config templates\web.config
	EndProjectSection
EndProject
Project("{2150E333-8FDC-42A3-9474-1A3956D46DE8}") = "Packages", "Packages", "{5BB61485-B480-4A03-A8DD-1636A5AF575C}"
	ProjectSection(SolutionItems) = preProject
		config templates\packages\createdPackages.config = config templates\packages\createdPackages.config
		config templates\packages\installedPackages.config = config templates\packages\installedPackages.config
	EndProjectSection
EndProject
Project("{2150E333-8FDC-42A3-9474-1A3956D46DE8}") = "config", "config", "{05329DB0-5C47-44A1-B7B8-BF377446BCD1}"
	ProjectSection(SolutionItems) = preProject
		config templates\config\404handlers.config = config templates\config\404handlers.config
		config templates\config\ClientDependency.config = config templates\config\ClientDependency.config
		config templates\config\Dashboard.config = config templates\config\Dashboard.config
		umbraco\presentation\config\ExamineIndex.config = umbraco\presentation\config\ExamineIndex.config
		config templates\config\ExamineIndex.config = config templates\config\ExamineIndex.config
		config templates\config\ExamineSettings.config = config templates\config\ExamineSettings.config
		config templates\config\formHandlers.config = config templates\config\formHandlers.config
		config templates\config\metablogConfig.config = config templates\config\metablogConfig.config
		config templates\config\restExtensions.config = config templates\config\restExtensions.config
		config templates\config\scripting.config = config templates\config\scripting.config
		config templates\config\tinyMceConfig.config = config templates\config\tinyMceConfig.config
		config templates\config\umbracoSettings.config = config templates\config\umbracoSettings.config
		config templates\config\UrlRewriting.config = config templates\config\UrlRewriting.config
		config templates\config\xsltExtensions.config = config templates\config\xsltExtensions.config
	EndProjectSection
EndProject
Project("{FAE04EC0-301F-11D3-BF4B-00C04F79EFBC}") = "umbraco.presentation", "umbraco\presentation\umbraco.presentation.csproj", "{651E1350-91B6-44B7-BD60-7207006D7003}"
EndProject
Project("{FAE04EC0-301F-11D3-BF4B-00C04F79EFBC}") = "umbraco.businesslogic", "umbraco\businesslogic\umbraco.businesslogic.csproj", "{E469A9CE-1BEC-423F-AC44-713CD72457EA}"
EndProject
Project("{FAE04EC0-301F-11D3-BF4B-00C04F79EFBC}") = "umbraco.cms", "umbraco\cms\umbraco.cms.csproj", "{CCD75EC3-63DB-4184-B49D-51C1DD337230}"
EndProject
Project("{FAE04EC0-301F-11D3-BF4B-00C04F79EFBC}") = "umbraco.interfaces", "umbraco\interfaces\umbraco.interfaces.csproj", "{511F6D8D-7717-440A-9A57-A507E9A8B27F}"
EndProject
Project("{FAE04EC0-301F-11D3-BF4B-00C04F79EFBC}") = "umbraco.editorControls", "components\editorControls\umbraco.editorControls.csproj", "{255F5DF1-4E43-4758-AC05-7A0B68EB021B}"
EndProject
Project("{FAE04EC0-301F-11D3-BF4B-00C04F79EFBC}") = "umbraco.macroRenderings", "components\macroRenderings\umbraco.macroRenderings.csproj", "{52AB8F1F-FB76-4E8C-885F-0747B6CE71EC}"
EndProject
Project("{FAE04EC0-301F-11D3-BF4B-00C04F79EFBC}") = "umbraco.providers", "umbraco\providers\umbraco.providers.csproj", "{D7636876-0756-43CB-A192-138C6F0D5E42}"
EndProject
Project("{FAE04EC0-301F-11D3-BF4B-00C04F79EFBC}") = "umbraco.datalayer", "umbraco\datalayer\umbraco.datalayer.csproj", "{C7CB79F0-1C97-4B33-BFA7-00731B579AE2}"
EndProject
Project("{FAE04EC0-301F-11D3-BF4B-00C04F79EFBC}") = "umbraco.controls", "components\umbraco.controls\umbraco.controls.csproj", "{6EDD2061-82F2-461B-BB6E-879245A832DE}"
EndProject
Project("{FAE04EC0-301F-11D3-BF4B-00C04F79EFBC}") = "umbraco.webservices", "components\umbraco.webservices\umbraco.webservices.csproj", "{CBDB56AC-FF02-4421-9FD4-ED82E339D8E2}"
EndProject
Project("{2150E333-8FDC-42A3-9474-1A3956D46DE8}") = "docs", "docs", "{58072405-85D0-45CA-8F5C-EA8928C32A6A}"
	ProjectSection(SolutionItems) = preProject
		docs\Umbraco 4 beta 2 update.docx = docs\Umbraco 4 beta 2 update.docx
	EndProjectSection
EndProject
Project("{FAE04EC0-301F-11D3-BF4B-00C04F79EFBC}") = "umbraco.Linq.Core", "LinqToUmbraco\src\umbraco.Linq\Core\umbraco.Linq.Core.csproj", "{31CAEC36-0C3D-4D69-B092-84866811EA07}"
EndProject
Project("{2150E333-8FDC-42A3-9474-1A3956D46DE8}") = "Upgrade 4.1", "Upgrade 4.1", "{C5FA9596-B9DC-4DF9-8380-AFC19C1EF51F}"
	ProjectSection(SolutionItems) = preProject
		UpgradeReadme.txt = UpgradeReadme.txt
	EndProjectSection
EndProject
Project("{FAE04EC0-301F-11D3-BF4B-00C04F79EFBC}") = "umbraco.Legacy", "umbraco\umbraco.Legacy\umbraco.Legacy.csproj", "{27A2590E-1313-4A33-89FD-92811540B69C}"
EndProject
Project("{2150E333-8FDC-42A3-9474-1A3956D46DE8}") = "DLLs", "DLLs", "{F06D18F6-C510-4CBA-9514-0F890FD62103}"
	ProjectSection(SolutionItems) = preProject
		foreign dlls\ClientDependency.Core.dll = foreign dlls\ClientDependency.Core.dll
		foreign dlls\CookComputing.XmlRpcV2.dll = foreign dlls\CookComputing.XmlRpcV2.dll
		foreign dlls\Examine.dll = foreign dlls\Examine.dll
		foreign dlls\ICSharpCode.SharpZipLib.dll = foreign dlls\ICSharpCode.SharpZipLib.dll
		foreign dlls\IronMath.dll = foreign dlls\IronMath.dll
		IronPython License.Rtf = IronPython License.Rtf
		foreign dlls\IronPython.dll = foreign dlls\IronPython.dll
		foreign dlls\IronRuby.dll = foreign dlls\IronRuby.dll
		License.txt = License.txt
		foreign dlls\Lucene.Net.dll = foreign dlls\Lucene.Net.dll
		foreign dlls\Microsoft.ApplicationBlocks.Data.dll = foreign dlls\Microsoft.ApplicationBlocks.Data.dll
		foreign dlls\Microsoft.Scripting.Core.dll = foreign dlls\Microsoft.Scripting.Core.dll
		foreign dlls\Microsoft.Scripting.dll = foreign dlls\Microsoft.Scripting.dll
		foreign dlls\Microsoft.Scripting.ExtensionAttribute.dll = foreign dlls\Microsoft.Scripting.ExtensionAttribute.dll
		foreign dlls\MySql.Data.dll = foreign dlls\MySql.Data.dll
		foreign dlls\TidyNet.dll = foreign dlls\TidyNet.dll
		foreign dlls\UrlRewritingNet.UrlRewriter.dll = foreign dlls\UrlRewritingNet.UrlRewriter.dll
		foreign dlls\VistaDB For Umbraco.dll = foreign dlls\VistaDB For Umbraco.dll
		foreign dlls\VistaDB.NET20.dll = foreign dlls\VistaDB.NET20.dll
	EndProjectSection
EndProject
Project("{FAE04EC0-301F-11D3-BF4B-00C04F79EFBC}") = "umbraco.Test", "umbraco.Test\umbraco.Test.csproj", "{6277C9FB-3A9A-4537-AA86-82DA9B2527FD}"
EndProject
Global
	GlobalSection(TeamFoundationVersionControl) = preSolution
		SccNumberOfProjects = 14
		SccEnterpriseProvider = {4CA58AB2-18FA-4F8D-95D4-32DDF27D184C}
		SccTeamFoundationServer = https://tfs01.codeplex.com/
		SccLocalPath0 = .
		SccProjectUniqueName1 = umbraco\\presentation\\umbraco.presentation.csproj
		SccProjectName1 = umbraco/presentation
		SccLocalPath1 = umbraco\\presentation
		SccProjectUniqueName2 = umbraco\\businesslogic\\umbraco.businesslogic.csproj
		SccProjectName2 = umbraco/businesslogic
		SccLocalPath2 = umbraco\\businesslogic
		SccProjectUniqueName3 = umbraco\\cms\\umbraco.cms.csproj
		SccProjectName3 = umbraco/cms
		SccLocalPath3 = umbraco\\cms
		SccProjectUniqueName4 = umbraco\\interfaces\\umbraco.interfaces.csproj
		SccProjectName4 = umbraco/interfaces
		SccLocalPath4 = umbraco\\interfaces
		SccProjectUniqueName5 = components\\editorControls\\umbraco.editorControls.csproj
		SccProjectName5 = components/editorControls
		SccLocalPath5 = components\\editorControls
		SccProjectUniqueName6 = components\\macroRenderings\\umbraco.macroRenderings.csproj
		SccProjectName6 = components/macroRenderings
		SccLocalPath6 = components\\macroRenderings
		SccProjectUniqueName7 = umbraco\\providers\\umbraco.providers.csproj
		SccProjectName7 = umbraco/providers
		SccLocalPath7 = umbraco\\providers
		SccProjectUniqueName8 = umbraco\\datalayer\\umbraco.datalayer.csproj
		SccProjectName8 = umbraco/datalayer
		SccLocalPath8 = umbraco\\datalayer
		SccProjectUniqueName9 = components\\umbraco.controls\\umbraco.controls.csproj
		SccProjectName9 = components/umbraco.controls
		SccLocalPath9 = components\\umbraco.controls
		SccProjectUniqueName10 = components\\umbraco.webservices\\umbraco.webservices.csproj
		SccProjectName10 = components/umbraco.webservices
		SccLocalPath10 = components\\umbraco.webservices
		SccProjectUniqueName11 = LinqToUmbraco\\src\\umbraco.Linq\\Core\\umbraco.Linq.Core.csproj
		SccProjectName11 = LinqToUmbraco/src/umbraco.Linq/Core
		SccLocalPath11 = LinqToUmbraco\\src\\umbraco.Linq\\Core
		SccProjectUniqueName12 = umbraco\\umbraco.Legacy\\umbraco.Legacy.csproj
		SccProjectName12 = umbraco/umbraco.Legacy
		SccLocalPath12 = umbraco\\umbraco.Legacy
		SccProjectUniqueName13 = umbraco.Test\\umbraco.Test.csproj
		SccProjectName13 = umbraco.Test
		SccLocalPath13 = umbraco.Test
	EndGlobalSection
	GlobalSection(TestCaseManagementSettings) = postSolution
		CategoryFile = umbraco.vsmdi
	EndGlobalSection
	GlobalSection(SolutionConfigurationPlatforms) = preSolution
		Debug|Any CPU = Debug|Any CPU
		Release|Any CPU = Release|Any CPU
	EndGlobalSection
	GlobalSection(ProjectConfigurationPlatforms) = postSolution
		{651E1350-91B6-44B7-BD60-7207006D7003}.Debug|Any CPU.ActiveCfg = Debug|Any CPU
		{651E1350-91B6-44B7-BD60-7207006D7003}.Debug|Any CPU.Build.0 = Debug|Any CPU
		{651E1350-91B6-44B7-BD60-7207006D7003}.Release|Any CPU.ActiveCfg = Release|Any CPU
		{651E1350-91B6-44B7-BD60-7207006D7003}.Release|Any CPU.Build.0 = Release|Any CPU
		{E469A9CE-1BEC-423F-AC44-713CD72457EA}.Debug|Any CPU.ActiveCfg = Debug|Any CPU
		{E469A9CE-1BEC-423F-AC44-713CD72457EA}.Debug|Any CPU.Build.0 = Debug|Any CPU
		{E469A9CE-1BEC-423F-AC44-713CD72457EA}.Release|Any CPU.ActiveCfg = Release|Any CPU
		{E469A9CE-1BEC-423F-AC44-713CD72457EA}.Release|Any CPU.Build.0 = Release|Any CPU
		{CCD75EC3-63DB-4184-B49D-51C1DD337230}.Debug|Any CPU.ActiveCfg = Debug|Any CPU
		{CCD75EC3-63DB-4184-B49D-51C1DD337230}.Debug|Any CPU.Build.0 = Debug|Any CPU
		{CCD75EC3-63DB-4184-B49D-51C1DD337230}.Release|Any CPU.ActiveCfg = Release|Any CPU
		{CCD75EC3-63DB-4184-B49D-51C1DD337230}.Release|Any CPU.Build.0 = Release|Any CPU
		{511F6D8D-7717-440A-9A57-A507E9A8B27F}.Debug|Any CPU.ActiveCfg = Debug|Any CPU
		{511F6D8D-7717-440A-9A57-A507E9A8B27F}.Debug|Any CPU.Build.0 = Debug|Any CPU
		{511F6D8D-7717-440A-9A57-A507E9A8B27F}.Release|Any CPU.ActiveCfg = Release|Any CPU
		{511F6D8D-7717-440A-9A57-A507E9A8B27F}.Release|Any CPU.Build.0 = Release|Any CPU
		{255F5DF1-4E43-4758-AC05-7A0B68EB021B}.Debug|Any CPU.ActiveCfg = Debug|Any CPU
		{255F5DF1-4E43-4758-AC05-7A0B68EB021B}.Debug|Any CPU.Build.0 = Debug|Any CPU
		{255F5DF1-4E43-4758-AC05-7A0B68EB021B}.Release|Any CPU.ActiveCfg = Release|Any CPU
		{255F5DF1-4E43-4758-AC05-7A0B68EB021B}.Release|Any CPU.Build.0 = Release|Any CPU
		{52AB8F1F-FB76-4E8C-885F-0747B6CE71EC}.Debug|Any CPU.ActiveCfg = Debug|Any CPU
		{52AB8F1F-FB76-4E8C-885F-0747B6CE71EC}.Debug|Any CPU.Build.0 = Debug|Any CPU
		{52AB8F1F-FB76-4E8C-885F-0747B6CE71EC}.Release|Any CPU.ActiveCfg = Release|Any CPU
		{52AB8F1F-FB76-4E8C-885F-0747B6CE71EC}.Release|Any CPU.Build.0 = Release|Any CPU
		{D7636876-0756-43CB-A192-138C6F0D5E42}.Debug|Any CPU.ActiveCfg = Debug|Any CPU
		{D7636876-0756-43CB-A192-138C6F0D5E42}.Debug|Any CPU.Build.0 = Debug|Any CPU
		{D7636876-0756-43CB-A192-138C6F0D5E42}.Release|Any CPU.ActiveCfg = Release|Any CPU
		{D7636876-0756-43CB-A192-138C6F0D5E42}.Release|Any CPU.Build.0 = Release|Any CPU
		{C7CB79F0-1C97-4B33-BFA7-00731B579AE2}.Debug|Any CPU.ActiveCfg = Debug|Any CPU
		{C7CB79F0-1C97-4B33-BFA7-00731B579AE2}.Debug|Any CPU.Build.0 = Debug|Any CPU
		{C7CB79F0-1C97-4B33-BFA7-00731B579AE2}.Release|Any CPU.ActiveCfg = Release|Any CPU
		{C7CB79F0-1C97-4B33-BFA7-00731B579AE2}.Release|Any CPU.Build.0 = Release|Any CPU
		{6EDD2061-82F2-461B-BB6E-879245A832DE}.Debug|Any CPU.ActiveCfg = Debug|Any CPU
		{6EDD2061-82F2-461B-BB6E-879245A832DE}.Debug|Any CPU.Build.0 = Debug|Any CPU
		{6EDD2061-82F2-461B-BB6E-879245A832DE}.Release|Any CPU.ActiveCfg = Release|Any CPU
		{6EDD2061-82F2-461B-BB6E-879245A832DE}.Release|Any CPU.Build.0 = Release|Any CPU
		{CBDB56AC-FF02-4421-9FD4-ED82E339D8E2}.Debug|Any CPU.ActiveCfg = Debug|Any CPU
		{CBDB56AC-FF02-4421-9FD4-ED82E339D8E2}.Debug|Any CPU.Build.0 = Debug|Any CPU
		{CBDB56AC-FF02-4421-9FD4-ED82E339D8E2}.Release|Any CPU.ActiveCfg = Release|Any CPU
		{CBDB56AC-FF02-4421-9FD4-ED82E339D8E2}.Release|Any CPU.Build.0 = Release|Any CPU
		{31CAEC36-0C3D-4D69-B092-84866811EA07}.Debug|Any CPU.ActiveCfg = Debug|Any CPU
		{31CAEC36-0C3D-4D69-B092-84866811EA07}.Debug|Any CPU.Build.0 = Debug|Any CPU
		{31CAEC36-0C3D-4D69-B092-84866811EA07}.Release|Any CPU.ActiveCfg = Release|Any CPU
		{31CAEC36-0C3D-4D69-B092-84866811EA07}.Release|Any CPU.Build.0 = Release|Any CPU
		{27A2590E-1313-4A33-89FD-92811540B69C}.Debug|Any CPU.ActiveCfg = Debug|Any CPU
		{27A2590E-1313-4A33-89FD-92811540B69C}.Release|Any CPU.ActiveCfg = Release|Any CPU
		{6277C9FB-3A9A-4537-AA86-82DA9B2527FD}.Debug|Any CPU.ActiveCfg = Debug|Any CPU
		{6277C9FB-3A9A-4537-AA86-82DA9B2527FD}.Debug|Any CPU.Build.0 = Debug|Any CPU
		{6277C9FB-3A9A-4537-AA86-82DA9B2527FD}.Release|Any CPU.ActiveCfg = Release|Any CPU
		{6277C9FB-3A9A-4537-AA86-82DA9B2527FD}.Release|Any CPU.Build.0 = Release|Any CPU
	EndGlobalSection
	GlobalSection(SolutionProperties) = preSolution
		HideSolutionNode = FALSE
	EndGlobalSection
	GlobalSection(NestedProjects) = preSolution
		{B8ECDB8B-BF44-462C-B6DA-22421B3EC4D7} = {F0242771-6DE6-4E03-BD3A-7B79BA79105B}
		{58072405-85D0-45CA-8F5C-EA8928C32A6A} = {F0242771-6DE6-4E03-BD3A-7B79BA79105B}
		{F06D18F6-C510-4CBA-9514-0F890FD62103} = {F0242771-6DE6-4E03-BD3A-7B79BA79105B}
		{5BB61485-B480-4A03-A8DD-1636A5AF575C} = {B8ECDB8B-BF44-462C-B6DA-22421B3EC4D7}
		{05329DB0-5C47-44A1-B7B8-BF377446BCD1} = {B8ECDB8B-BF44-462C-B6DA-22421B3EC4D7}
		{C5FA9596-B9DC-4DF9-8380-AFC19C1EF51F} = {58072405-85D0-45CA-8F5C-EA8928C32A6A}
	EndGlobalSection
EndGlobal
