
Microsoft Visual Studio Solution File, Format Version 12.00
# Visual Studio Version 16
VisualStudioVersion = 16.0.29209.152
MinimumVisualStudioVersion = 10.0.40219.1
Project("{9A19103F-16F7-4668-BE54-9A1E7A4F7556}") = "Umbraco.Web.UI", "src\Umbraco.Web.UI\Umbraco.Web.UI.csproj", "{DCDFE97C-5630-4F6F-855D-8AEEB96556A5}"
EndProject
Project("{2150E333-8FDC-42A3-9474-1A3956D46DE8}") = "Build", "Build", "{2849E9D4-3B4E-40A3-A309-F3CB4F0E125F}"
	ProjectSection(SolutionItems) = preProject
		build\azure-pipelines.yml = build\azure-pipelines.yml
		build\build-bootstrap.ps1 = build\build-bootstrap.ps1
		build\build.ps1 = build\build.ps1
	EndProjectSection
EndProject
Project("{2150E333-8FDC-42A3-9474-1A3956D46DE8}") = "Docs", "Docs", "{FD962632-184C-4005-A5F3-E705D92FC645}"
	ProjectSection(SolutionItems) = preProject
		.github\BUILD.md = .github\BUILD.md
		.github\CLEAR.md = .github\CLEAR.md
		.github\CONTRIBUTING.md = .github\CONTRIBUTING.md
		.github\CONTRIBUTING_DETAILED.md = .github\CONTRIBUTING_DETAILED.md
		.github\CONTRIBUTION_GUIDELINES.md = .github\CONTRIBUTION_GUIDELINES.md
		.github\PULL_REQUEST_TEMPLATE.md = .github\PULL_REQUEST_TEMPLATE.md
		.github\README.md = .github\README.md
		.github\REVIEW_PROCESS.md = .github\REVIEW_PROCESS.md
		.github\V8_GETTING_STARTED.md = .github\V8_GETTING_STARTED.md
	EndProjectSection
EndProject
Project("{2150E333-8FDC-42A3-9474-1A3956D46DE8}") = "Tests", "Tests", "{B5BD12C1-A454-435E-8A46-FF4A364C0382}"
EndProject
Project("{2150E333-8FDC-42A3-9474-1A3956D46DE8}") = "NuSpecs", "NuSpecs", "{227C3B55-80E5-4E7E-A802-BE16C5128B9D}"
	ProjectSection(SolutionItems) = preProject
		build\NuSpecs\UmbracoCms.nuspec = build\NuSpecs\UmbracoCms.nuspec
		build\NuSpecs\UmbracoCms.SqlCe.nuspec = build\NuSpecs\UmbracoCms.SqlCe.nuspec
		build\NuSpecs\UmbracoCms.StaticAssets.nuspec = build\NuSpecs\UmbracoCms.StaticAssets.nuspec
	EndProjectSection
EndProject
Project("{E24C65DC-7377-472B-9ABA-BC803B73C61A}") = "Umbraco.Web.UI.Client", "http://localhost:3961", "{3819A550-DCEC-4153-91B4-8BA9F7F0B9B4}"
	ProjectSection(WebsiteProperties) = preProject
		UseIISExpress = "true"
		TargetFrameworkMoniker = ".NETFramework,Version%3Dv4.5"
		Debug.AspNetCompiler.VirtualPath = "/localhost_3961"
		Debug.AspNetCompiler.PhysicalPath = "src\Umbraco.Web.UI.Client\"
		Debug.AspNetCompiler.TargetPath = "PrecompiledWeb\localhost_3961\"
		Debug.AspNetCompiler.Updateable = "true"
		Debug.AspNetCompiler.ForceOverwrite = "true"
		Debug.AspNetCompiler.FixedNames = "false"
		Debug.AspNetCompiler.Debug = "True"
		Release.AspNetCompiler.VirtualPath = "/localhost_3961"
		Release.AspNetCompiler.PhysicalPath = "src\Umbraco.Web.UI.Client\"
		Release.AspNetCompiler.TargetPath = "PrecompiledWeb\localhost_3961\"
		Release.AspNetCompiler.Updateable = "true"
		Release.AspNetCompiler.ForceOverwrite = "true"
		Release.AspNetCompiler.FixedNames = "false"
		Release.AspNetCompiler.Debug = "False"
		SlnRelativePath = "src\Umbraco.Web.UI.Client\"
		DefaultWebSiteLanguage = "Visual C#"
		StartServerOnDebug = "false"
	EndProjectSection
EndProject
Project("{E24C65DC-7377-472B-9ABA-BC803B73C61A}") = "Umbraco.Tests.AcceptanceTest", "http://localhost:58896", "{9E4C8A12-FBE0-4673-8CE2-DF99D5D57817}"
	ProjectSection(WebsiteProperties) = preProject
		UseIISExpress = "true"
		TargetFrameworkMoniker = ".NETFramework,Version%3Dv4.5"
		Debug.AspNetCompiler.VirtualPath = "/localhost_62926"
		Debug.AspNetCompiler.PhysicalPath = "tests\Umbraco.Tests.AcceptanceTest\"
		Debug.AspNetCompiler.TargetPath = "PrecompiledWeb\localhost_62926\"
		Debug.AspNetCompiler.Updateable = "true"
		Debug.AspNetCompiler.ForceOverwrite = "true"
		Debug.AspNetCompiler.FixedNames = "false"
		Debug.AspNetCompiler.Debug = "True"
		Release.AspNetCompiler.VirtualPath = "/localhost_62926"
		Release.AspNetCompiler.PhysicalPath = "tests\Umbraco.Tests.AcceptanceTest\"
		Release.AspNetCompiler.TargetPath = "PrecompiledWeb\localhost_62926\"
		Release.AspNetCompiler.Updateable = "true"
		Release.AspNetCompiler.ForceOverwrite = "true"
		Release.AspNetCompiler.FixedNames = "false"
		Release.AspNetCompiler.Debug = "False"
		SlnRelativePath = "tests\Umbraco.Tests.AcceptanceTest\"
		DefaultWebSiteLanguage = "Visual C#"
		StartServerOnDebug = "false"
	EndProjectSection
EndProject
Project("{2150E333-8FDC-42A3-9474-1A3956D46DE8}") = "DocTools", "DocTools", "{53594E5B-64A2-4545-8367-E3627D266AE8}"
	ProjectSection(SolutionItems) = preProject
		src\ApiDocs\docfx.filter.yml = src\ApiDocs\docfx.filter.yml
		src\ApiDocs\docfx.json = src\ApiDocs\docfx.json
		src\ApiDocs\index.md = src\ApiDocs\index.md
		src\ApiDocs\toc.yml = src\ApiDocs\toc.yml
	EndProjectSection
EndProject
Project("{2150E333-8FDC-42A3-9474-1A3956D46DE8}") = "IssueTemplates", "IssueTemplates", "{C7311C00-2184-409B-B506-52A5FAEA8736}"
	ProjectSection(SolutionItems) = preProject
		.github\ISSUE_TEMPLATE\1_Bug.md = .github\ISSUE_TEMPLATE\1_Bug.md
		.github\ISSUE_TEMPLATE\2_Feature_request.md = .github\ISSUE_TEMPLATE\2_Feature_request.md
		.github\ISSUE_TEMPLATE\3_Support_question.md = .github\ISSUE_TEMPLATE\3_Support_question.md
		.github\ISSUE_TEMPLATE\4_Documentation_issue.md = .github\ISSUE_TEMPLATE\4_Documentation_issue.md
		.github\ISSUE_TEMPLATE\5_Security_issue.md = .github\ISSUE_TEMPLATE\5_Security_issue.md
	EndProjectSection
EndProject
Project("{9A19103F-16F7-4668-BE54-9A1E7A4F7556}") = "Umbraco.Core", "src\Umbraco.Core\Umbraco.Core.csproj", "{29AA69D9-B597-4395-8D42-43B1263C240A}"
EndProject
Project("{9A19103F-16F7-4668-BE54-9A1E7A4F7556}") = "Umbraco.Infrastructure", "src\Umbraco.Infrastructure\Umbraco.Infrastructure.csproj", "{3AE7BF57-966B-45A5-910A-954D7C554441}"
EndProject
Project("{9A19103F-16F7-4668-BE54-9A1E7A4F7556}") = "Umbraco.PublishedCache.NuCache", "src\Umbraco.PublishedCache.NuCache\Umbraco.PublishedCache.NuCache.csproj", "{F6DE8DA0-07CC-4EF2-8A59-2BC81DBB3830}"
EndProject
Project("{9A19103F-16F7-4668-BE54-9A1E7A4F7556}") = "Umbraco.Web.BackOffice", "src\Umbraco.Web.BackOffice\Umbraco.Web.BackOffice.csproj", "{9B95EEF7-63FE-4432-8C63-166BE9C1A929}"
EndProject
Project("{9A19103F-16F7-4668-BE54-9A1E7A4F7556}") = "Umbraco.Web.Website", "src\Umbraco.Web.Website\Umbraco.Web.Website.csproj", "{5A246D54-3109-4D2B-BE7D-FC0787D126AE}"
EndProject
Project("{9A19103F-16F7-4668-BE54-9A1E7A4F7556}") = "Umbraco.Tests.Common", "tests\Umbraco.Tests.Common\Umbraco.Tests.Common.csproj", "{A499779C-1B3B-48A8-B551-458E582E6E96}"
EndProject
Project("{9A19103F-16F7-4668-BE54-9A1E7A4F7556}") = "Umbraco.Tests.UnitTests", "tests\Umbraco.Tests.UnitTests\Umbraco.Tests.UnitTests.csproj", "{9102ABDF-E537-4E46-B525-C9ED4833EED0}"
EndProject
Project("{9A19103F-16F7-4668-BE54-9A1E7A4F7556}") = "Umbraco.Web.Common", "src\Umbraco.Web.Common\Umbraco.Web.Common.csproj", "{79E4293D-C92C-4649-AEC8-F1EFD95BDEB1}"
EndProject
Project("{9A19103F-16F7-4668-BE54-9A1E7A4F7556}") = "Umbraco.Tests.Integration", "tests\Umbraco.Tests.Integration\Umbraco.Tests.Integration.csproj", "{1B885D2F-1599-4557-A4EC-474CC74DEB10}"
EndProject
Project("{9A19103F-16F7-4668-BE54-9A1E7A4F7556}") = "Umbraco.Tests.Integration.SqlCe", "tests\Umbraco.Tests.Integration.SqlCe\Umbraco.Tests.Integration.SqlCe.csproj", "{7A58F7CB-786F-43D6-A946-7BFA1B70D0AA}"
EndProject
Project("{9A19103F-16F7-4668-BE54-9A1E7A4F7556}") = "Umbraco.Examine.Lucene", "src\Umbraco.Examine.Lucene\Umbraco.Examine.Lucene.csproj", "{96EF355C-A7C8-460E-96D7-ABCE0D489762}"
EndProject
Project("{9A19103F-16F7-4668-BE54-9A1E7A4F7556}") = "Umbraco.TestData", "tests\Umbraco.TestData\Umbraco.TestData.csproj", "{C44B4389-6E2A-441E-9A10-7CE818CA63A9}"
EndProject
Project("{9A19103F-16F7-4668-BE54-9A1E7A4F7556}") = "Umbraco.Tests.Benchmarks", "tests\Umbraco.Tests.Benchmarks\Umbraco.Tests.Benchmarks.csproj", "{37B6264F-A279-42A6-AB83-CC3A3950C3E2}"
EndProject
Project("{2150E333-8FDC-42A3-9474-1A3956D46DE8}") = "buildTransitive", "buildTransitive", "{81D03F06-94BE-4246-8F52-A68B58486F94}"
	ProjectSection(SolutionItems) = preProject
		build\NuSpecs\buildTransitive\Umbraco.Cms.StaticAssets.props = build\NuSpecs\buildTransitive\Umbraco.Cms.StaticAssets.props
		build\NuSpecs\buildTransitive\Umbraco.Cms.StaticAssets.targets = build\NuSpecs\buildTransitive\Umbraco.Cms.StaticAssets.targets
	EndProjectSection
EndProject
Project("{9A19103F-16F7-4668-BE54-9A1E7A4F7556}") = "JsonSchema", "src\JsonSchema\JsonSchema.csproj", "{B172BC0E-B535-4CEF-9204-F3F397003829}"
EndProject
Global
	GlobalSection(SolutionConfigurationPlatforms) = preSolution
		Debug|Any CPU = Debug|Any CPU
		Release|Any CPU = Release|Any CPU
	EndGlobalSection
	GlobalSection(ProjectConfigurationPlatforms) = postSolution
		{DCDFE97C-5630-4F6F-855D-8AEEB96556A5}.Debug|Any CPU.ActiveCfg = Debug|Any CPU
		{DCDFE97C-5630-4F6F-855D-8AEEB96556A5}.Debug|Any CPU.Build.0 = Debug|Any CPU
		{DCDFE97C-5630-4F6F-855D-8AEEB96556A5}.Release|Any CPU.ActiveCfg = Release|Any CPU
		{DCDFE97C-5630-4F6F-855D-8AEEB96556A5}.Release|Any CPU.Build.0 = Release|Any CPU
		{3819A550-DCEC-4153-91B4-8BA9F7F0B9B4}.Debug|Any CPU.ActiveCfg = Debug|Any CPU
		{3819A550-DCEC-4153-91B4-8BA9F7F0B9B4}.Release|Any CPU.ActiveCfg = Debug|Any CPU
		{9E4C8A12-FBE0-4673-8CE2-DF99D5D57817}.Debug|Any CPU.ActiveCfg = Debug|Any CPU
		{9E4C8A12-FBE0-4673-8CE2-DF99D5D57817}.Release|Any CPU.ActiveCfg = Debug|Any CPU
		{29AA69D9-B597-4395-8D42-43B1263C240A}.Debug|Any CPU.ActiveCfg = Debug|Any CPU
		{29AA69D9-B597-4395-8D42-43B1263C240A}.Debug|Any CPU.Build.0 = Debug|Any CPU
		{29AA69D9-B597-4395-8D42-43B1263C240A}.Release|Any CPU.ActiveCfg = Release|Any CPU
		{29AA69D9-B597-4395-8D42-43B1263C240A}.Release|Any CPU.Build.0 = Release|Any CPU
		{3AE7BF57-966B-45A5-910A-954D7C554441}.Debug|Any CPU.ActiveCfg = Debug|Any CPU
		{3AE7BF57-966B-45A5-910A-954D7C554441}.Debug|Any CPU.Build.0 = Debug|Any CPU
		{3AE7BF57-966B-45A5-910A-954D7C554441}.Release|Any CPU.ActiveCfg = Release|Any CPU
		{3AE7BF57-966B-45A5-910A-954D7C554441}.Release|Any CPU.Build.0 = Release|Any CPU
		{F6DE8DA0-07CC-4EF2-8A59-2BC81DBB3830}.Debug|Any CPU.ActiveCfg = Debug|Any CPU
		{F6DE8DA0-07CC-4EF2-8A59-2BC81DBB3830}.Debug|Any CPU.Build.0 = Debug|Any CPU
		{F6DE8DA0-07CC-4EF2-8A59-2BC81DBB3830}.Release|Any CPU.ActiveCfg = Release|Any CPU
		{F6DE8DA0-07CC-4EF2-8A59-2BC81DBB3830}.Release|Any CPU.Build.0 = Release|Any CPU
		{9B95EEF7-63FE-4432-8C63-166BE9C1A929}.Debug|Any CPU.ActiveCfg = Debug|Any CPU
		{9B95EEF7-63FE-4432-8C63-166BE9C1A929}.Debug|Any CPU.Build.0 = Debug|Any CPU
		{9B95EEF7-63FE-4432-8C63-166BE9C1A929}.Release|Any CPU.ActiveCfg = Release|Any CPU
		{9B95EEF7-63FE-4432-8C63-166BE9C1A929}.Release|Any CPU.Build.0 = Release|Any CPU
		{5A246D54-3109-4D2B-BE7D-FC0787D126AE}.Debug|Any CPU.ActiveCfg = Debug|Any CPU
		{5A246D54-3109-4D2B-BE7D-FC0787D126AE}.Debug|Any CPU.Build.0 = Debug|Any CPU
		{5A246D54-3109-4D2B-BE7D-FC0787D126AE}.Release|Any CPU.ActiveCfg = Release|Any CPU
		{5A246D54-3109-4D2B-BE7D-FC0787D126AE}.Release|Any CPU.Build.0 = Release|Any CPU
		{A499779C-1B3B-48A8-B551-458E582E6E96}.Debug|Any CPU.ActiveCfg = Debug|Any CPU
		{A499779C-1B3B-48A8-B551-458E582E6E96}.Debug|Any CPU.Build.0 = Debug|Any CPU
		{A499779C-1B3B-48A8-B551-458E582E6E96}.Release|Any CPU.ActiveCfg = Release|Any CPU
		{A499779C-1B3B-48A8-B551-458E582E6E96}.Release|Any CPU.Build.0 = Release|Any CPU
		{9102ABDF-E537-4E46-B525-C9ED4833EED0}.Debug|Any CPU.ActiveCfg = Debug|Any CPU
		{9102ABDF-E537-4E46-B525-C9ED4833EED0}.Debug|Any CPU.Build.0 = Debug|Any CPU
		{9102ABDF-E537-4E46-B525-C9ED4833EED0}.Release|Any CPU.ActiveCfg = Release|Any CPU
		{9102ABDF-E537-4E46-B525-C9ED4833EED0}.Release|Any CPU.Build.0 = Release|Any CPU
		{79E4293D-C92C-4649-AEC8-F1EFD95BDEB1}.Debug|Any CPU.ActiveCfg = Debug|Any CPU
		{79E4293D-C92C-4649-AEC8-F1EFD95BDEB1}.Debug|Any CPU.Build.0 = Debug|Any CPU
		{79E4293D-C92C-4649-AEC8-F1EFD95BDEB1}.Release|Any CPU.ActiveCfg = Release|Any CPU
		{79E4293D-C92C-4649-AEC8-F1EFD95BDEB1}.Release|Any CPU.Build.0 = Release|Any CPU
		{1B885D2F-1599-4557-A4EC-474CC74DEB10}.Debug|Any CPU.ActiveCfg = Debug|Any CPU
		{1B885D2F-1599-4557-A4EC-474CC74DEB10}.Debug|Any CPU.Build.0 = Debug|Any CPU
		{1B885D2F-1599-4557-A4EC-474CC74DEB10}.Release|Any CPU.ActiveCfg = Release|Any CPU
		{1B885D2F-1599-4557-A4EC-474CC74DEB10}.Release|Any CPU.Build.0 = Release|Any CPU
		{7A58F7CB-786F-43D6-A946-7BFA1B70D0AA}.Debug|Any CPU.ActiveCfg = Debug|Any CPU
		{7A58F7CB-786F-43D6-A946-7BFA1B70D0AA}.Debug|Any CPU.Build.0 = Debug|Any CPU
		{7A58F7CB-786F-43D6-A946-7BFA1B70D0AA}.Release|Any CPU.ActiveCfg = Release|Any CPU
		{7A58F7CB-786F-43D6-A946-7BFA1B70D0AA}.Release|Any CPU.Build.0 = Release|Any CPU
		{96EF355C-A7C8-460E-96D7-ABCE0D489762}.Debug|Any CPU.ActiveCfg = Debug|Any CPU
		{96EF355C-A7C8-460E-96D7-ABCE0D489762}.Debug|Any CPU.Build.0 = Debug|Any CPU
		{96EF355C-A7C8-460E-96D7-ABCE0D489762}.Release|Any CPU.ActiveCfg = Release|Any CPU
		{96EF355C-A7C8-460E-96D7-ABCE0D489762}.Release|Any CPU.Build.0 = Release|Any CPU
		{C44B4389-6E2A-441E-9A10-7CE818CA63A9}.Debug|Any CPU.ActiveCfg = Debug|Any CPU
		{C44B4389-6E2A-441E-9A10-7CE818CA63A9}.Debug|Any CPU.Build.0 = Debug|Any CPU
		{C44B4389-6E2A-441E-9A10-7CE818CA63A9}.Release|Any CPU.ActiveCfg = Release|Any CPU
		{C44B4389-6E2A-441E-9A10-7CE818CA63A9}.Release|Any CPU.Build.0 = Release|Any CPU
		{37B6264F-A279-42A6-AB83-CC3A3950C3E2}.Debug|Any CPU.ActiveCfg = Debug|Any CPU
		{37B6264F-A279-42A6-AB83-CC3A3950C3E2}.Debug|Any CPU.Build.0 = Debug|Any CPU
		{37B6264F-A279-42A6-AB83-CC3A3950C3E2}.Release|Any CPU.ActiveCfg = Release|Any CPU
		{37B6264F-A279-42A6-AB83-CC3A3950C3E2}.Release|Any CPU.Build.0 = Release|Any CPU
		{B172BC0E-B535-4CEF-9204-F3F397003829}.Debug|Any CPU.ActiveCfg = Debug|Any CPU
		{B172BC0E-B535-4CEF-9204-F3F397003829}.Debug|Any CPU.Build.0 = Debug|Any CPU
		{B172BC0E-B535-4CEF-9204-F3F397003829}.Release|Any CPU.ActiveCfg = Release|Any CPU
		{B172BC0E-B535-4CEF-9204-F3F397003829}.Release|Any CPU.Build.0 = Release|Any CPU
	EndGlobalSection
	GlobalSection(SolutionProperties) = preSolution
		HideSolutionNode = FALSE
	EndGlobalSection
	GlobalSection(NestedProjects) = preSolution
		{227C3B55-80E5-4E7E-A802-BE16C5128B9D} = {2849E9D4-3B4E-40A3-A309-F3CB4F0E125F}
		{9E4C8A12-FBE0-4673-8CE2-DF99D5D57817} = {B5BD12C1-A454-435E-8A46-FF4A364C0382}
		{53594E5B-64A2-4545-8367-E3627D266AE8} = {FD962632-184C-4005-A5F3-E705D92FC645}
		{C7311C00-2184-409B-B506-52A5FAEA8736} = {FD962632-184C-4005-A5F3-E705D92FC645}
		{A499779C-1B3B-48A8-B551-458E582E6E96} = {B5BD12C1-A454-435E-8A46-FF4A364C0382}
		{9102ABDF-E537-4E46-B525-C9ED4833EED0} = {B5BD12C1-A454-435E-8A46-FF4A364C0382}
		{1B885D2F-1599-4557-A4EC-474CC74DEB10} = {B5BD12C1-A454-435E-8A46-FF4A364C0382}
		{7A58F7CB-786F-43D6-A946-7BFA1B70D0AA} = {B5BD12C1-A454-435E-8A46-FF4A364C0382}
		{C44B4389-6E2A-441E-9A10-7CE818CA63A9} = {B5BD12C1-A454-435E-8A46-FF4A364C0382}
		{37B6264F-A279-42A6-AB83-CC3A3950C3E2} = {B5BD12C1-A454-435E-8A46-FF4A364C0382}
		{81D03F06-94BE-4246-8F52-A68B58486F94} = {227C3B55-80E5-4E7E-A802-BE16C5128B9D}
	EndGlobalSection
	GlobalSection(ExtensibilityGlobals) = postSolution
		SolutionGuid = {7A0F2E34-D2AF-4DAB-86A0-7D7764B3D0EC}
	EndGlobalSection
EndGlobal
