
Microsoft Visual Studio Solution File, Format Version 12.00
# Visual Studio Version 17
VisualStudioVersion = 17.5.002.0
MinimumVisualStudioVersion = 10.0.40219.1
Project("{9A19103F-16F7-4668-BE54-9A1E7A4F7556}") = "Umbraco.Web.UI", "Umbraco.Web.UI.csproj", "{A1535311-D7CD-45B0-B345-36F934D5D6BD}"
EndProject
Global
	GlobalSection(SolutionConfigurationPlatforms) = preSolution
		Debug|Any CPU = Debug|Any CPU
		Release|Any CPU = Release|Any CPU
	EndGlobalSection
	GlobalSection(ProjectConfigurationPlatforms) = postSolution
		{A1535311-D7CD-45B0-B345-36F934D5D6BD}.Debug|Any CPU.ActiveCfg = Debug|Any CPU
		{A1535311-D7CD-45B0-B345-36F934D5D6BD}.Debug|Any CPU.Build.0 = Debug|Any CPU
		{A1535311-D7CD-45B0-B345-36F934D5D6BD}.Release|Any CPU.ActiveCfg = Release|Any CPU
		{A1535311-D7CD-45B0-B345-36F934D5D6BD}.Release|Any CPU.Build.0 = Release|Any CPU
	EndGlobalSection
	GlobalSection(SolutionProperties) = preSolution
		HideSolutionNode = FALSE
	EndGlobalSection
	GlobalSection(ExtensibilityGlobals) = postSolution
		SolutionGuid = {34F625D4-3174-49D3-AB6C-46E1E5BF0EEC}
	EndGlobalSection
EndGlobal
