Microsoft Visual Studio Solution File, Format Version 12.00
# Visual Studio Version 17
VisualStudioVersion = 17.5.2.0
MinimumVisualStudioVersion = 10.0.40219.1
Project("{FAE04EC0-301F-11D3-BF4B-00C04F79EFBC}") = "Umbraco.Web.UI", "Umbraco.Web.UI.csproj", "{365A0E88-EFB5-3317-7EB3-7F5EC22B18A0}"
EndProject
Global
	GlobalSection(SolutionConfigurationPlatforms) = preSolution
		Debug|Any CPU = Debug|Any CPU
		Release|Any CPU = Release|Any CPU
	EndGlobalSection
	GlobalSection(ProjectConfigurationPlatforms) = postSolution
		{365A0E88-EFB5-3317-7EB3-7F5EC22B18A0}.Debug|Any CPU.ActiveCfg = Debug|Any CPU
		{365A0E88-EFB5-3317-7EB3-7F5EC22B18A0}.Debug|Any CPU.Build.0 = Debug|Any CPU
		{365A0E88-EFB5-3317-7EB3-7F5EC22B18A0}.Release|Any CPU.ActiveCfg = Release|Any CPU
		{365A0E88-EFB5-3317-7EB3-7F5EC22B18A0}.Release|Any CPU.Build.0 = Release|Any CPU
	EndGlobalSection
	GlobalSection(SolutionProperties) = preSolution
		HideSolutionNode = FALSE
	EndGlobalSection
	GlobalSection(ExtensibilityGlobals) = postSolution
		SolutionGuid = {67401ECC-E978-47E4-8C6D-6B7073F8EFFE}
	EndGlobalSection
EndGlobal
