{
  "requires": true,
  "lockfileVersion": 1,
  "dependencies": {
    "angular": {
      "version": "1.6.10",
      "resolved": "https://registry.npmjs.org/angular/-/angular-1.6.10.tgz",
      "integrity": "sha512-PCZ5/hVdvPQiYyH0VwsPjrErPHRcITnaXxhksceOXgtJeesKHLA7KDu4X/yvcAi+1zdGgGF+9pDxkJvghXI9Wg=="
    },
    "ngjs-color-picker": {
      "version": "1.1.2",
      "resolved": "https://registry.npmjs.org/ngjs-color-picker/-/ngjs-color-picker-1.1.2.tgz",
      "integrity": "sha1-dbDH5HwphqhK3pS0tuWNn39+IZ8=",
      "requires": {
        "angular": "1.6.10"
      }
    }
  }
}
