Microsoft Visual Studio Solution File, Format Version 12.00
# Visual Studio 2012
Project("{2150E333-8FDC-42A3-9474-1A3956D46DE8}") = "Build", "Build", "{2849E9D4-3B4E-40A3-A309-F3CB4F0E125F}"
	ProjectSection(SolutionItems) = preProject
		..\build\Build.bat = ..\build\Build.bat
		..\build\Build.proj = ..\build\Build.proj
		..\build\RevertToCleanInstall.bat = ..\build\RevertToCleanInstall.bat
		umbraco.presentation.targets = umbraco.presentation.targets
	EndProjectSection
EndProject
Project("{2150E333-8FDC-42A3-9474-1A3956D46DE8}") = "Docs", "Docs", "{FD962632-184C-4005-A5F3-E705D92FC645}"
	ProjectSection(SolutionItems) = preProject
		..\docs\License.txt = ..\docs\License.txt
		..\docs\README.txt = ..\docs\README.txt
	EndProjectSection
EndProject
Project("{2150E333-8FDC-42A3-9474-1A3956D46DE8}") = "Test", "Test", "{B5BD12C1-A454-435E-8A46-FF4A364C0382}"
EndProject
Project("{2150E333-8FDC-42A3-9474-1A3956D46DE8}") = ".nuget", ".nuget", "{66AB0414-D4F2-435C-9868-E25B6865D9A9}"
	ProjectSection(SolutionItems) = preProject
		.nuget\NuGet.Config = .nuget\NuGet.Config
		.nuget\NuGet.exe = .nuget\NuGet.exe
		.nuget\NuGet.targets = .nuget\NuGet.targets
	EndProjectSection
EndProject
Project("{2150E333-8FDC-42A3-9474-1A3956D46DE8}") = "UmbracoExamine Libraries", "UmbracoExamine Libraries", "{DD32977B-EF54-475B-9A1B-B97A502C6E58}"
EndProject
Project("{2150E333-8FDC-42A3-9474-1A3956D46DE8}") = "NuSpecs", "NuSpecs", "{227C3B55-80E5-4E7E-A802-BE16C5128B9D}"
	ProjectSection(SolutionItems) = preProject
		..\build\NuSpecs\UmbracoCms.Core.nuspec = ..\build\NuSpecs\UmbracoCms.Core.nuspec
		..\build\NuSpecs\UmbracoCms.nuspec = ..\build\NuSpecs\UmbracoCms.nuspec
	EndProjectSection
EndProject
Project("{FAE04EC0-301F-11D3-BF4B-00C04F79EFBC}") = "Umbraco.Web.UI", "Umbraco.Web.UI\Umbraco.Web.UI.csproj", "{4C4C194C-B5E4-4991-8F87-4373E24CC19F}"
EndProject
Project("{FAE04EC0-301F-11D3-BF4B-00C04F79EFBC}") = "Umbraco.Web", "Umbraco.Web\Umbraco.Web.csproj", "{651E1350-91B6-44B7-BD60-7207006D7003}"
EndProject
Project("{FAE04EC0-301F-11D3-BF4B-00C04F79EFBC}") = "umbraco.businesslogic", "umbraco.businesslogic\umbraco.businesslogic.csproj", "{E469A9CE-1BEC-423F-AC44-713CD72457EA}"
EndProject
Project("{FAE04EC0-301F-11D3-BF4B-00C04F79EFBC}") = "umbraco.cms", "umbraco.cms\umbraco.cms.csproj", "{CCD75EC3-63DB-4184-B49D-51C1DD337230}"
EndProject
Project("{FAE04EC0-301F-11D3-BF4B-00C04F79EFBC}") = "umbraco.interfaces", "umbraco.interfaces\umbraco.interfaces.csproj", "{511F6D8D-7717-440A-9A57-A507E9A8B27F}"
EndProject
Project("{FAE04EC0-301F-11D3-BF4B-00C04F79EFBC}") = "umbraco.editorControls", "umbraco.editorControls\umbraco.editorControls.csproj", "{255F5DF1-4E43-4758-AC05-7A0B68EB021B}"
EndProject
Project("{FAE04EC0-301F-11D3-BF4B-00C04F79EFBC}") = "umbraco.macroRenderings", "umbraco.macroRenderings\umbraco.macroRenderings.csproj", "{52AB8F1F-FB76-4E8C-885F-0747B6CE71EC}"
EndProject
Project("{FAE04EC0-301F-11D3-BF4B-00C04F79EFBC}") = "umbraco.providers", "umbraco.providers\umbraco.providers.csproj", "{D7636876-0756-43CB-A192-138C6F0D5E42}"
EndProject
Project("{FAE04EC0-301F-11D3-BF4B-00C04F79EFBC}") = "umbraco.datalayer", "umbraco.datalayer\umbraco.datalayer.csproj", "{C7CB79F0-1C97-4B33-BFA7-00731B579AE2}"
EndProject
Project("{FAE04EC0-301F-11D3-BF4B-00C04F79EFBC}") = "umbraco.controls", "umbraco.controls\umbraco.controls.csproj", "{6EDD2061-82F2-461B-BB6E-879245A832DE}"
EndProject
Project("{FAE04EC0-301F-11D3-BF4B-00C04F79EFBC}") = "SqlCE4Umbraco", "SQLCE4Umbraco\SqlCE4Umbraco.csproj", "{5BA5425F-27A7-4677-865E-82246498AA2E}"
EndProject
Project("{FAE04EC0-301F-11D3-BF4B-00C04F79EFBC}") = "umbraco.MacroEngines", "umbraco.MacroEngines\umbraco.MacroEngines.csproj", "{89C09045-1064-466B-B94A-DB3AFE2A5853}"
EndProject
Project("{FAE04EC0-301F-11D3-BF4B-00C04F79EFBC}") = "Umbraco.Core", "Umbraco.Core\Umbraco.Core.csproj", "{31785BC3-256C-4613-B2F5-A1B0BDDED8C1}"
EndProject
Project("{FAE04EC0-301F-11D3-BF4B-00C04F79EFBC}") = "Umbraco.Tests", "Umbraco.Tests\Umbraco.Tests.csproj", "{5D3B8245-ADA6-453F-A008-50ED04BFE770}"
EndProject
Project("{FAE04EC0-301F-11D3-BF4B-00C04F79EFBC}") = "UmbracoExamine", "UmbracoExamine\UmbracoExamine.csproj", "{07FBC26B-2927-4A22-8D96-D644C667FECC}"
EndProject
Project("{FAE04EC0-301F-11D3-BF4B-00C04F79EFBC}") = "UmbracoExamine.PDF", "UmbracoExamine.PDF\UmbracoExamine.PDF.csproj", "{F30DDDB8-3994-4673-82AE-057123C6E1A8}"
EndProject
Project("{FAE04EC0-301F-11D3-BF4B-00C04F79EFBC}") = "UmbracoExamine.Azure", "UmbracoExamine.Azure\UmbracoExamine.Azure.csproj", "{73529637-28F5-419C-A6BB-D094E39DE614}"
EndProject
Project("{FAE04EC0-301F-11D3-BF4B-00C04F79EFBC}") = "UmbracoExamine.PDF.Azure", "UmbracoExamine.PDF.Azure\UmbracoExamine.PDF.Azure.csproj", "{B555AAE6-0F56-442F-AC9F-EF497DB38DE7}"
EndProject
Global
	GlobalSection(SolutionConfigurationPlatforms) = preSolution
		Debug|Any CPU = Debug|Any CPU
		Release|Any CPU = Release|Any CPU
	EndGlobalSection
	GlobalSection(ProjectConfigurationPlatforms) = postSolution
		{4C4C194C-B5E4-4991-8F87-4373E24CC19F}.Debug|Any CPU.ActiveCfg = Debug|Any CPU
		{4C4C194C-B5E4-4991-8F87-4373E24CC19F}.Debug|Any CPU.Build.0 = Debug|Any CPU
		{4C4C194C-B5E4-4991-8F87-4373E24CC19F}.Release|Any CPU.ActiveCfg = Release|Any CPU
		{4C4C194C-B5E4-4991-8F87-4373E24CC19F}.Release|Any CPU.Build.0 = Release|Any CPU
		{651E1350-91B6-44B7-BD60-7207006D7003}.Debug|Any CPU.ActiveCfg = Debug|Any CPU
		{651E1350-91B6-44B7-BD60-7207006D7003}.Debug|Any CPU.Build.0 = Debug|Any CPU
		{651E1350-91B6-44B7-BD60-7207006D7003}.Release|Any CPU.ActiveCfg = Release|Any CPU
		{651E1350-91B6-44B7-BD60-7207006D7003}.Release|Any CPU.Build.0 = Release|Any CPU
		{E469A9CE-1BEC-423F-AC44-713CD72457EA}.Debug|Any CPU.ActiveCfg = Debug|Any CPU
		{E469A9CE-1BEC-423F-AC44-713CD72457EA}.Debug|Any CPU.Build.0 = Debug|Any CPU
		{E469A9CE-1BEC-423F-AC44-713CD72457EA}.Release|Any CPU.ActiveCfg = Release|Any CPU
		{E469A9CE-1BEC-423F-AC44-713CD72457EA}.Release|Any CPU.Build.0 = Release|Any CPU
		{CCD75EC3-63DB-4184-B49D-51C1DD337230}.Debug|Any CPU.ActiveCfg = Debug|Any CPU
		{CCD75EC3-63DB-4184-B49D-51C1DD337230}.Debug|Any CPU.Build.0 = Debug|Any CPU
		{CCD75EC3-63DB-4184-B49D-51C1DD337230}.Release|Any CPU.ActiveCfg = Release|Any CPU
		{CCD75EC3-63DB-4184-B49D-51C1DD337230}.Release|Any CPU.Build.0 = Release|Any CPU
		{511F6D8D-7717-440A-9A57-A507E9A8B27F}.Debug|Any CPU.ActiveCfg = Debug|Any CPU
		{511F6D8D-7717-440A-9A57-A507E9A8B27F}.Debug|Any CPU.Build.0 = Debug|Any CPU
		{511F6D8D-7717-440A-9A57-A507E9A8B27F}.Release|Any CPU.ActiveCfg = Release|Any CPU
		{511F6D8D-7717-440A-9A57-A507E9A8B27F}.Release|Any CPU.Build.0 = Release|Any CPU
		{255F5DF1-4E43-4758-AC05-7A0B68EB021B}.Debug|Any CPU.ActiveCfg = Debug|Any CPU
		{255F5DF1-4E43-4758-AC05-7A0B68EB021B}.Debug|Any CPU.Build.0 = Debug|Any CPU
		{255F5DF1-4E43-4758-AC05-7A0B68EB021B}.Release|Any CPU.ActiveCfg = Release|Any CPU
		{255F5DF1-4E43-4758-AC05-7A0B68EB021B}.Release|Any CPU.Build.0 = Release|Any CPU
		{52AB8F1F-FB76-4E8C-885F-0747B6CE71EC}.Debug|Any CPU.ActiveCfg = Debug|Any CPU
		{52AB8F1F-FB76-4E8C-885F-0747B6CE71EC}.Debug|Any CPU.Build.0 = Debug|Any CPU
		{52AB8F1F-FB76-4E8C-885F-0747B6CE71EC}.Release|Any CPU.ActiveCfg = Release|Any CPU
		{52AB8F1F-FB76-4E8C-885F-0747B6CE71EC}.Release|Any CPU.Build.0 = Release|Any CPU
		{D7636876-0756-43CB-A192-138C6F0D5E42}.Debug|Any CPU.ActiveCfg = Debug|Any CPU
		{D7636876-0756-43CB-A192-138C6F0D5E42}.Debug|Any CPU.Build.0 = Debug|Any CPU
		{D7636876-0756-43CB-A192-138C6F0D5E42}.Release|Any CPU.ActiveCfg = Release|Any CPU
		{D7636876-0756-43CB-A192-138C6F0D5E42}.Release|Any CPU.Build.0 = Release|Any CPU
		{C7CB79F0-1C97-4B33-BFA7-00731B579AE2}.Debug|Any CPU.ActiveCfg = Debug|Any CPU
		{C7CB79F0-1C97-4B33-BFA7-00731B579AE2}.Debug|Any CPU.Build.0 = Debug|Any CPU
		{C7CB79F0-1C97-4B33-BFA7-00731B579AE2}.Release|Any CPU.ActiveCfg = Release|Any CPU
		{C7CB79F0-1C97-4B33-BFA7-00731B579AE2}.Release|Any CPU.Build.0 = Release|Any CPU
		{6EDD2061-82F2-461B-BB6E-879245A832DE}.Debug|Any CPU.ActiveCfg = Debug|Any CPU
		{6EDD2061-82F2-461B-BB6E-879245A832DE}.Debug|Any CPU.Build.0 = Debug|Any CPU
		{6EDD2061-82F2-461B-BB6E-879245A832DE}.Release|Any CPU.ActiveCfg = Release|Any CPU
		{6EDD2061-82F2-461B-BB6E-879245A832DE}.Release|Any CPU.Build.0 = Release|Any CPU
		{5BA5425F-27A7-4677-865E-82246498AA2E}.Debug|Any CPU.ActiveCfg = Debug|Any CPU
		{5BA5425F-27A7-4677-865E-82246498AA2E}.Debug|Any CPU.Build.0 = Debug|Any CPU
		{5BA5425F-27A7-4677-865E-82246498AA2E}.Release|Any CPU.ActiveCfg = Release|Any CPU
		{5BA5425F-27A7-4677-865E-82246498AA2E}.Release|Any CPU.Build.0 = Release|Any CPU
		{89C09045-1064-466B-B94A-DB3AFE2A5853}.Debug|Any CPU.ActiveCfg = Debug|Any CPU
		{89C09045-1064-466B-B94A-DB3AFE2A5853}.Debug|Any CPU.Build.0 = Debug|Any CPU
		{89C09045-1064-466B-B94A-DB3AFE2A5853}.Release|Any CPU.ActiveCfg = Release|Any CPU
		{89C09045-1064-466B-B94A-DB3AFE2A5853}.Release|Any CPU.Build.0 = Release|Any CPU
		{31785BC3-256C-4613-B2F5-A1B0BDDED8C1}.Debug|Any CPU.ActiveCfg = Debug|Any CPU
		{31785BC3-256C-4613-B2F5-A1B0BDDED8C1}.Debug|Any CPU.Build.0 = Debug|Any CPU
		{31785BC3-256C-4613-B2F5-A1B0BDDED8C1}.Release|Any CPU.ActiveCfg = Release|Any CPU
		{31785BC3-256C-4613-B2F5-A1B0BDDED8C1}.Release|Any CPU.Build.0 = Release|Any CPU
		{5D3B8245-ADA6-453F-A008-50ED04BFE770}.Debug|Any CPU.ActiveCfg = Debug|Any CPU
		{5D3B8245-ADA6-453F-A008-50ED04BFE770}.Debug|Any CPU.Build.0 = Debug|Any CPU
		{5D3B8245-ADA6-453F-A008-50ED04BFE770}.Release|Any CPU.ActiveCfg = Release|Any CPU
		{5D3B8245-ADA6-453F-A008-50ED04BFE770}.Release|Any CPU.Build.0 = Release|Any CPU
		{07FBC26B-2927-4A22-8D96-D644C667FECC}.Debug|Any CPU.ActiveCfg = Debug|Any CPU
		{07FBC26B-2927-4A22-8D96-D644C667FECC}.Debug|Any CPU.Build.0 = Debug|Any CPU
		{07FBC26B-2927-4A22-8D96-D644C667FECC}.Release|Any CPU.ActiveCfg = Release|Any CPU
		{07FBC26B-2927-4A22-8D96-D644C667FECC}.Release|Any CPU.Build.0 = Release|Any CPU
		{F30DDDB8-3994-4673-82AE-057123C6E1A8}.Debug|Any CPU.ActiveCfg = Debug|Any CPU
		{F30DDDB8-3994-4673-82AE-057123C6E1A8}.Debug|Any CPU.Build.0 = Debug|Any CPU
		{F30DDDB8-3994-4673-82AE-057123C6E1A8}.Release|Any CPU.ActiveCfg = Release|Any CPU
		{F30DDDB8-3994-4673-82AE-057123C6E1A8}.Release|Any CPU.Build.0 = Release|Any CPU
		{73529637-28F5-419C-A6BB-D094E39DE614}.Debug|Any CPU.ActiveCfg = Debug|Any CPU
		{73529637-28F5-419C-A6BB-D094E39DE614}.Debug|Any CPU.Build.0 = Debug|Any CPU
		{73529637-28F5-419C-A6BB-D094E39DE614}.Release|Any CPU.ActiveCfg = Release|Any CPU
		{73529637-28F5-419C-A6BB-D094E39DE614}.Release|Any CPU.Build.0 = Release|Any CPU
		{B555AAE6-0F56-442F-AC9F-EF497DB38DE7}.Debug|Any CPU.ActiveCfg = Debug|Any CPU
		{B555AAE6-0F56-442F-AC9F-EF497DB38DE7}.Debug|Any CPU.Build.0 = Debug|Any CPU
		{B555AAE6-0F56-442F-AC9F-EF497DB38DE7}.Release|Any CPU.ActiveCfg = Release|Any CPU
		{B555AAE6-0F56-442F-AC9F-EF497DB38DE7}.Release|Any CPU.Build.0 = Release|Any CPU
	EndGlobalSection
	GlobalSection(SolutionProperties) = preSolution
		HideSolutionNode = FALSE
	EndGlobalSection
	GlobalSection(NestedProjects) = preSolution
		{227C3B55-80E5-4E7E-A802-BE16C5128B9D} = {2849E9D4-3B4E-40A3-A309-F3CB4F0E125F}
		{5D3B8245-ADA6-453F-A008-50ED04BFE770} = {B5BD12C1-A454-435E-8A46-FF4A364C0382}
		{07FBC26B-2927-4A22-8D96-D644C667FECC} = {DD32977B-EF54-475B-9A1B-B97A502C6E58}
		{F30DDDB8-3994-4673-82AE-057123C6E1A8} = {DD32977B-EF54-475B-9A1B-B97A502C6E58}
		{73529637-28F5-419C-A6BB-D094E39DE614} = {DD32977B-EF54-475B-9A1B-B97A502C6E58}
		{B555AAE6-0F56-442F-AC9F-EF497DB38DE7} = {DD32977B-EF54-475B-9A1B-B97A502C6E58}
	EndGlobalSection
EndGlobal
