
Microsoft Visual Studio Solution File, Format Version 12.00
# Visual Studio Version 16
VisualStudioVersion = 16.0.29209.152
MinimumVisualStudioVersion = 10.0.40219.1
Project("{FAE04EC0-301F-11D3-BF4B-00C04F79EFBC}") = "Umbraco.Web.UI", "Umbraco.Web.UI\Umbraco.Web.UI.csproj", "{4C4C194C-B5E4-4991-8F87-4373E24CC19F}"
EndProject
Project("{2150E333-8FDC-42A3-9474-1A3956D46DE8}") = "Build", "Build", "{2849E9D4-3B4E-40A3-A309-F3CB4F0E125F}"
	ProjectSection(SolutionItems) = preProject
		..\linting\.editorconfig = ..\linting\.editorconfig
		..\build\azure-pipelines.yml = ..\build\azure-pipelines.yml
		..\build\build-bootstrap.ps1 = ..\build\build-bootstrap.ps1
		..\build\build.ps1 = ..\build\build.ps1
		..\linting\codeanalysis.ruleset = ..\linting\codeanalysis.ruleset
		..\linting\codeanalysis.tests.ruleset = ..\linting\codeanalysis.tests.ruleset
		..\Directory.Build.props = ..\Directory.Build.props
		..\Directory.Build.targets = ..\Directory.Build.targets
		..\NuGet.Config = ..\NuGet.Config
		..\linting\stylecop.json = ..\linting\stylecop.json
	EndProjectSection
EndProject
Project("{2150E333-8FDC-42A3-9474-1A3956D46DE8}") = "Docs", "Docs", "{FD962632-184C-4005-A5F3-E705D92FC645}"
	ProjectSection(SolutionItems) = preProject
		..\.github\BUILD.md = ..\.github\BUILD.md
		..\.github\CLEAR.md = ..\.github\CLEAR.md
		..\.github\CODE_OF_CONDUCT.md = ..\.github\CODE_OF_CONDUCT.md
		..\.github\CONTRIBUTING.md = ..\.github\CONTRIBUTING.md
		..\.github\CONTRIBUTING_DETAILED.md = ..\.github\CONTRIBUTING_DETAILED.md
		..\.github\CONTRIBUTION_GUIDELINES.md = ..\.github\CONTRIBUTION_GUIDELINES.md
		..\.github\PULL_REQUEST_TEMPLATE.md = ..\.github\PULL_REQUEST_TEMPLATE.md
		..\.github\README.md = ..\.github\README.md
		..\.github\REVIEW_PROCESS.md = ..\.github\REVIEW_PROCESS.md
		..\.github\V8_GETTING_STARTED.md = ..\.github\V8_GETTING_STARTED.md
	EndProjectSection
EndProject
Project("{2150E333-8FDC-42A3-9474-1A3956D46DE8}") = "Tests", "Tests", "{B5BD12C1-A454-435E-8A46-FF4A364C0382}"
EndProject
Project("{2150E333-8FDC-42A3-9474-1A3956D46DE8}") = "NuSpecs", "NuSpecs", "{227C3B55-80E5-4E7E-A802-BE16C5128B9D}"
	ProjectSection(SolutionItems) = preProject
		..\build\NuSpecs\UmbracoCms.nuspec = ..\build\NuSpecs\UmbracoCms.nuspec
		..\build\NuSpecs\UmbracoCms.SqlCe.nuspec = ..\build\NuSpecs\UmbracoCms.SqlCe.nuspec
		..\build\NuSpecs\UmbracoCms.Examine.Lucene.nuspec = ..\build\NuSpecs\UmbracoCms.Examine.Lucene.nuspec
		..\build\NuSpecs\UmbracoCms.StaticAssets.nuspec = ..\build\NuSpecs\UmbracoCms.StaticAssets.nuspec
	EndProjectSection
EndProject
Project("{E24C65DC-7377-472B-9ABA-BC803B73C61A}") = "Umbraco.Web.UI.Client", "http://localhost:3961", "{3819A550-DCEC-4153-91B4-8BA9F7F0B9B4}"
	ProjectSection(WebsiteProperties) = preProject
		UseIISExpress = "true"
		TargetFrameworkMoniker = ".NETFramework,Version%3Dv4.5"
		Debug.AspNetCompiler.VirtualPath = "/localhost_3961"
		Debug.AspNetCompiler.PhysicalPath = "Umbraco.Web.UI.Client\"
		Debug.AspNetCompiler.TargetPath = "PrecompiledWeb\localhost_3961\"
		Debug.AspNetCompiler.Updateable = "true"
		Debug.AspNetCompiler.ForceOverwrite = "true"
		Debug.AspNetCompiler.FixedNames = "false"
		Debug.AspNetCompiler.Debug = "True"
		Release.AspNetCompiler.VirtualPath = "/localhost_3961"
		Release.AspNetCompiler.PhysicalPath = "Umbraco.Web.UI.Client\"
		Release.AspNetCompiler.TargetPath = "PrecompiledWeb\localhost_3961\"
		Release.AspNetCompiler.Updateable = "true"
		Release.AspNetCompiler.ForceOverwrite = "true"
		Release.AspNetCompiler.FixedNames = "false"
		Release.AspNetCompiler.Debug = "False"
		SlnRelativePath = "Umbraco.Web.UI.Client\"
		DefaultWebSiteLanguage = "Visual C#"
		StartServerOnDebug = "false"
	EndProjectSection
EndProject
Project("{E24C65DC-7377-472B-9ABA-BC803B73C61A}") = "Umbraco.Tests.AcceptanceTest", "http://localhost:58896", "{9E4C8A12-FBE0-4673-8CE2-DF99D5D57817}"
	ProjectSection(WebsiteProperties) = preProject
								UseIISExpress = "true"
								TargetFrameworkMoniker = ".NETFramework,Version%3Dv4.5"
		Debug.AspNetCompiler.VirtualPath = "/localhost_58896"
		Debug.AspNetCompiler.PhysicalPath = "Umbraco.Tests.AcceptanceTest\"
		Debug.AspNetCompiler.TargetPath = "PrecompiledWeb\localhost_58896\"
		Debug.AspNetCompiler.VirtualPath = "/localhost_62926"
		Debug.AspNetCompiler.PhysicalPath = "Umbraco.Tests.AcceptanceTest\"
		Debug.AspNetCompiler.TargetPath = "PrecompiledWeb\localhost_62926\"
		Debug.AspNetCompiler.Updateable = "true"
		Debug.AspNetCompiler.ForceOverwrite = "true"
		Debug.AspNetCompiler.FixedNames = "false"
		Debug.AspNetCompiler.Debug = "True"
		Release.AspNetCompiler.VirtualPath = "/localhost_58896"
		Release.AspNetCompiler.PhysicalPath = "Umbraco.Tests.AcceptanceTest\"
		Release.AspNetCompiler.TargetPath = "PrecompiledWeb\localhost_58896\"
		Release.AspNetCompiler.VirtualPath = "/localhost_62926"
		Release.AspNetCompiler.PhysicalPath = "Umbraco.Tests.AcceptanceTest\"
		Release.AspNetCompiler.TargetPath = "PrecompiledWeb\localhost_62926\"
		Release.AspNetCompiler.Updateable = "true"
		Release.AspNetCompiler.ForceOverwrite = "true"
		Release.AspNetCompiler.FixedNames = "false"
		Release.AspNetCompiler.Debug = "False"
		SlnRelativePath = "Umbraco.Tests.AcceptanceTest\"
								DefaultWebSiteLanguage = "Visual C#"
								StartServerOnDebug = "false"
		VWDPort = "58896"
		VWDPort = "62926"
	EndProjectSection
EndProject
Project("{FAE04EC0-301F-11D3-BF4B-00C04F79EFBC}") = "Umbraco.Web", "Umbraco.Web\Umbraco.Web.csproj", "{651E1350-91B6-44B7-BD60-7207006D7003}"
EndProject
Project("{FAE04EC0-301F-11D3-BF4B-00C04F79EFBC}") = "Umbraco.Tests", "Umbraco.Tests\Umbraco.Tests.csproj", "{5D3B8245-ADA6-453F-A008-50ED04BFE770}"
EndProject
Project("{2150E333-8FDC-42A3-9474-1A3956D46DE8}") = "tools", "tools", "{E3F9F378-AFE1-40A5-90BD-82833375DBFE}"
	ProjectSection(SolutionItems) = preProject
		..\build\NuSpecs\tools\applications.config.install.xdt = ..\build\NuSpecs\tools\applications.config.install.xdt
		..\build\NuSpecs\tools\ClientDependency.config.install.xdt = ..\build\NuSpecs\tools\ClientDependency.config.install.xdt
		..\build\NuSpecs\tools\install.ps1 = ..\build\NuSpecs\tools\install.ps1
		..\build\NuSpecs\tools\Readme.txt = ..\build\NuSpecs\tools\Readme.txt
		..\build\NuSpecs\tools\ReadmeUpgrade.txt = ..\build\NuSpecs\tools\ReadmeUpgrade.txt
		..\build\NuSpecs\tools\serilog.config.install.xdt = ..\build\NuSpecs\tools\serilog.config.install.xdt
		..\build\NuSpecs\tools\Web.config.install.xdt = ..\build\NuSpecs\tools\Web.config.install.xdt
	EndProjectSection
EndProject
Project("{2150E333-8FDC-42A3-9474-1A3956D46DE8}") = "build", "build", "{5B03EF4E-E0AC-4905-861B-8C3EC1A0D458}"
	ProjectSection(SolutionItems) = preProject
		..\build\NuSpecs\build\Umbraco.Cms.StaticAssets.props = ..\build\NuSpecs\build\Umbraco.Cms.StaticAssets.props
		..\build\NuSpecs\build\Umbraco.Cms.StaticAssets.targets = ..\build\NuSpecs\build\Umbraco.Cms.StaticAssets.targets
	EndProjectSection
EndProject
Project("{2150E333-8FDC-42A3-9474-1A3956D46DE8}") = "DocTools", "DocTools", "{53594E5B-64A2-4545-8367-E3627D266AE8}"
	ProjectSection(SolutionItems) = preProject
		ApiDocs\docfx.filter.yml = ApiDocs\docfx.filter.yml
		ApiDocs\docfx.json = ApiDocs\docfx.json
		ApiDocs\index.md = ApiDocs\index.md
		ApiDocs\toc.yml = ApiDocs\toc.yml
	EndProjectSection
EndProject
Project("{FAE04EC0-301F-11D3-BF4B-00C04F79EFBC}") = "Umbraco.Tests.Benchmarks", "Umbraco.Tests.Benchmarks\Umbraco.Tests.Benchmarks.csproj", "{3A33ADC9-C6C0-4DB1-A613-A9AF0210DF3D}"
EndProject
Project("{2150E333-8FDC-42A3-9474-1A3956D46DE8}") = "IssueTemplates", "IssueTemplates", "{C7311C00-2184-409B-B506-52A5FAEA8736}"
	ProjectSection(SolutionItems) = preProject
		..\.github\ISSUE_TEMPLATE\1_Bug.md = ..\.github\ISSUE_TEMPLATE\1_Bug.md
		..\.github\ISSUE_TEMPLATE\2_Feature_request.md = ..\.github\ISSUE_TEMPLATE\2_Feature_request.md
		..\.github\ISSUE_TEMPLATE\3_Support_question.md = ..\.github\ISSUE_TEMPLATE\3_Support_question.md
		..\.github\ISSUE_TEMPLATE\4_Documentation_issue.md = ..\.github\ISSUE_TEMPLATE\4_Documentation_issue.md
		..\.github\ISSUE_TEMPLATE\5_Security_issue.md = ..\.github\ISSUE_TEMPLATE\5_Security_issue.md
	EndProjectSection
EndProject
Project("{9A19103F-16F7-4668-BE54-9A1E7A4F7556}") = "Umbraco.Core", "Umbraco.Core\Umbraco.Core.csproj", "{29AA69D9-B597-4395-8D42-43B1263C240A}"
EndProject
Project("{9A19103F-16F7-4668-BE54-9A1E7A4F7556}") = "Umbraco.Infrastructure", "Umbraco.Infrastructure\Umbraco.Infrastructure.csproj", "{3AE7BF57-966B-45A5-910A-954D7C554441}"
EndProject
Project("{9A19103F-16F7-4668-BE54-9A1E7A4F7556}") = "Umbraco.Persistence.SqlCe", "Umbraco.Persistence.SqlCe\Umbraco.Persistence.SqlCe.csproj", "{33085570-9BF2-4065-A9B0-A29D920D13BA}"
EndProject
Project("{FAE04EC0-301F-11D3-BF4B-00C04F79EFBC}") = "Umbraco.TestData", "Umbraco.TestData\Umbraco.TestData.csproj", "{FB5676ED-7A69-492C-B802-E7B24144C0FC}"
EndProject
Project("{9A19103F-16F7-4668-BE54-9A1E7A4F7556}") = "Umbraco.PublishedCache.NuCache", "Umbraco.PublishedCache.NuCache\Umbraco.PublishedCache.NuCache.csproj", "{F6DE8DA0-07CC-4EF2-8A59-2BC81DBB3830}"
EndProject
Project("{9A19103F-16F7-4668-BE54-9A1E7A4F7556}") = "Umbraco.Examine.Lucene", "Umbraco.Examine.Lucene\Umbraco.Examine.Lucene.csproj", "{0FAD7D2A-D7DD-45B1-91FD-488BB6CDACEA}"
EndProject
Project("{9A19103F-16F7-4668-BE54-9A1E7A4F7556}") = "Umbraco.Web.BackOffice", "Umbraco.Web.BackOffice\Umbraco.Web.BackOffice.csproj", "{9B95EEF7-63FE-4432-8C63-166BE9C1A929}"
EndProject
Project("{9A19103F-16F7-4668-BE54-9A1E7A4F7556}") = "Umbraco.Web.UI.NetCore", "Umbraco.Web.UI.NetCore\Umbraco.Web.UI.NetCore.csproj", "{DCDFE97C-5630-4F6F-855D-8AEEB96556A5}"
EndProject
Project("{9A19103F-16F7-4668-BE54-9A1E7A4F7556}") = "Umbraco.Web.Website", "Umbraco.Web.Website\Umbraco.Web.Website.csproj", "{5A246D54-3109-4D2B-BE7D-FC0787D126AE}"
EndProject
Project("{9A19103F-16F7-4668-BE54-9A1E7A4F7556}") = "Umbraco.Tests.Integration", "Umbraco.Tests.Integration\Umbraco.Tests.Integration.csproj", "{D6319409-777A-4BD0-93ED-B2DFD805B32C}"
EndProject
Project("{9A19103F-16F7-4668-BE54-9A1E7A4F7556}") = "Umbraco.Tests.Common", "Umbraco.Tests.Common\Umbraco.Tests.Common.csproj", "{A499779C-1B3B-48A8-B551-458E582E6E96}"
EndProject
Project("{9A19103F-16F7-4668-BE54-9A1E7A4F7556}") = "Umbraco.Tests.UnitTests", "Umbraco.Tests.UnitTests\Umbraco.Tests.UnitTests.csproj", "{9102ABDF-E537-4E46-B525-C9ED4833EED0}"
EndProject
Project("{9A19103F-16F7-4668-BE54-9A1E7A4F7556}") = "Umbraco.Web.Common", "Umbraco.Web.Common\Umbraco.Web.Common.csproj", "{79E4293D-C92C-4649-AEC8-F1EFD95BDEB1}"
EndProject
Global
	GlobalSection(SolutionConfigurationPlatforms) = preSolution
		Debug|Any CPU = Debug|Any CPU
		Release|Any CPU = Release|Any CPU
	EndGlobalSection
	GlobalSection(ProjectConfigurationPlatforms) = postSolution
		{4C4C194C-B5E4-4991-8F87-4373E24CC19F}.Debug|Any CPU.ActiveCfg = Debug|Any CPU
		{4C4C194C-B5E4-4991-8F87-4373E24CC19F}.Debug|Any CPU.Build.0 = Debug|Any CPU
		{4C4C194C-B5E4-4991-8F87-4373E24CC19F}.Release|Any CPU.ActiveCfg = Release|Any CPU
		{4C4C194C-B5E4-4991-8F87-4373E24CC19F}.Release|Any CPU.Build.0 = Release|Any CPU
		{3819A550-DCEC-4153-91B4-8BA9F7F0B9B4}.Debug|Any CPU.ActiveCfg = Debug|Any CPU
		{3819A550-DCEC-4153-91B4-8BA9F7F0B9B4}.Release|Any CPU.ActiveCfg = Debug|Any CPU
		{9E4C8A12-FBE0-4673-8CE2-DF99D5D57817}.Debug|Any CPU.ActiveCfg = Debug|Any CPU
		{9E4C8A12-FBE0-4673-8CE2-DF99D5D57817}.Release|Any CPU.ActiveCfg = Debug|Any CPU
		{651E1350-91B6-44B7-BD60-7207006D7003}.Debug|Any CPU.ActiveCfg = Debug|Any CPU
		{651E1350-91B6-44B7-BD60-7207006D7003}.Debug|Any CPU.Build.0 = Debug|Any CPU
		{651E1350-91B6-44B7-BD60-7207006D7003}.Release|Any CPU.ActiveCfg = Release|Any CPU
		{651E1350-91B6-44B7-BD60-7207006D7003}.Release|Any CPU.Build.0 = Release|Any CPU
		{5D3B8245-ADA6-453F-A008-50ED04BFE770}.Debug|Any CPU.ActiveCfg = Debug|Any CPU
		{5D3B8245-ADA6-453F-A008-50ED04BFE770}.Debug|Any CPU.Build.0 = Debug|Any CPU
		{5D3B8245-ADA6-453F-A008-50ED04BFE770}.Release|Any CPU.ActiveCfg = Release|Any CPU
		{5D3B8245-ADA6-453F-A008-50ED04BFE770}.Release|Any CPU.Build.0 = Release|Any CPU
		{3A33ADC9-C6C0-4DB1-A613-A9AF0210DF3D}.Debug|Any CPU.ActiveCfg = Debug|Any CPU
		{3A33ADC9-C6C0-4DB1-A613-A9AF0210DF3D}.Debug|Any CPU.Build.0 = Debug|Any CPU
		{3A33ADC9-C6C0-4DB1-A613-A9AF0210DF3D}.Release|Any CPU.ActiveCfg = Release|Any CPU
		{3A33ADC9-C6C0-4DB1-A613-A9AF0210DF3D}.Release|Any CPU.Build.0 = Release|Any CPU
		{29AA69D9-B597-4395-8D42-43B1263C240A}.Debug|Any CPU.ActiveCfg = Debug|Any CPU
		{29AA69D9-B597-4395-8D42-43B1263C240A}.Debug|Any CPU.Build.0 = Debug|Any CPU
		{29AA69D9-B597-4395-8D42-43B1263C240A}.Release|Any CPU.ActiveCfg = Release|Any CPU
		{29AA69D9-B597-4395-8D42-43B1263C240A}.Release|Any CPU.Build.0 = Release|Any CPU
		{3AE7BF57-966B-45A5-910A-954D7C554441}.Debug|Any CPU.ActiveCfg = Debug|Any CPU
		{3AE7BF57-966B-45A5-910A-954D7C554441}.Debug|Any CPU.Build.0 = Debug|Any CPU
		{3AE7BF57-966B-45A5-910A-954D7C554441}.Release|Any CPU.ActiveCfg = Release|Any CPU
		{3AE7BF57-966B-45A5-910A-954D7C554441}.Release|Any CPU.Build.0 = Release|Any CPU
		{33085570-9BF2-4065-A9B0-A29D920D13BA}.Debug|Any CPU.ActiveCfg = Debug|Any CPU
		{33085570-9BF2-4065-A9B0-A29D920D13BA}.Debug|Any CPU.Build.0 = Debug|Any CPU
		{33085570-9BF2-4065-A9B0-A29D920D13BA}.Release|Any CPU.ActiveCfg = Release|Any CPU
		{33085570-9BF2-4065-A9B0-A29D920D13BA}.Release|Any CPU.Build.0 = Release|Any CPU
		{FB5676ED-7A69-492C-B802-E7B24144C0FC}.Debug|Any CPU.ActiveCfg = Debug|Any CPU
		{FB5676ED-7A69-492C-B802-E7B24144C0FC}.Debug|Any CPU.Build.0 = Debug|Any CPU
		{FB5676ED-7A69-492C-B802-E7B24144C0FC}.Release|Any CPU.ActiveCfg = Release|Any CPU
		{FB5676ED-7A69-492C-B802-E7B24144C0FC}.Release|Any CPU.Build.0 = Release|Any CPU
		{F6DE8DA0-07CC-4EF2-8A59-2BC81DBB3830}.Debug|Any CPU.ActiveCfg = Debug|Any CPU
		{F6DE8DA0-07CC-4EF2-8A59-2BC81DBB3830}.Debug|Any CPU.Build.0 = Debug|Any CPU
		{F6DE8DA0-07CC-4EF2-8A59-2BC81DBB3830}.Release|Any CPU.ActiveCfg = Release|Any CPU
		{F6DE8DA0-07CC-4EF2-8A59-2BC81DBB3830}.Release|Any CPU.Build.0 = Release|Any CPU
		{0FAD7D2A-D7DD-45B1-91FD-488BB6CDACEA}.Debug|Any CPU.ActiveCfg = Debug|Any CPU
		{0FAD7D2A-D7DD-45B1-91FD-488BB6CDACEA}.Debug|Any CPU.Build.0 = Debug|Any CPU
		{0FAD7D2A-D7DD-45B1-91FD-488BB6CDACEA}.Release|Any CPU.ActiveCfg = Release|Any CPU
		{0FAD7D2A-D7DD-45B1-91FD-488BB6CDACEA}.Release|Any CPU.Build.0 = Release|Any CPU
		{9B95EEF7-63FE-4432-8C63-166BE9C1A929}.Debug|Any CPU.ActiveCfg = Debug|Any CPU
		{9B95EEF7-63FE-4432-8C63-166BE9C1A929}.Debug|Any CPU.Build.0 = Debug|Any CPU
		{9B95EEF7-63FE-4432-8C63-166BE9C1A929}.Release|Any CPU.ActiveCfg = Release|Any CPU
		{9B95EEF7-63FE-4432-8C63-166BE9C1A929}.Release|Any CPU.Build.0 = Release|Any CPU
		{DCDFE97C-5630-4F6F-855D-8AEEB96556A5}.Debug|Any CPU.ActiveCfg = Debug|Any CPU
		{DCDFE97C-5630-4F6F-855D-8AEEB96556A5}.Debug|Any CPU.Build.0 = Debug|Any CPU
		{DCDFE97C-5630-4F6F-855D-8AEEB96556A5}.Release|Any CPU.ActiveCfg = Release|Any CPU
		{DCDFE97C-5630-4F6F-855D-8AEEB96556A5}.Release|Any CPU.Build.0 = Release|Any CPU
		{5A246D54-3109-4D2B-BE7D-FC0787D126AE}.Debug|Any CPU.ActiveCfg = Debug|Any CPU
		{5A246D54-3109-4D2B-BE7D-FC0787D126AE}.Debug|Any CPU.Build.0 = Debug|Any CPU
		{5A246D54-3109-4D2B-BE7D-FC0787D126AE}.Release|Any CPU.ActiveCfg = Release|Any CPU
		{5A246D54-3109-4D2B-BE7D-FC0787D126AE}.Release|Any CPU.Build.0 = Release|Any CPU
		{D6319409-777A-4BD0-93ED-B2DFD805B32C}.Debug|Any CPU.ActiveCfg = Debug|Any CPU
		{D6319409-777A-4BD0-93ED-B2DFD805B32C}.Debug|Any CPU.Build.0 = Debug|Any CPU
		{D6319409-777A-4BD0-93ED-B2DFD805B32C}.Release|Any CPU.ActiveCfg = Release|Any CPU
		{D6319409-777A-4BD0-93ED-B2DFD805B32C}.Release|Any CPU.Build.0 = Release|Any CPU
		{A499779C-1B3B-48A8-B551-458E582E6E96}.Debug|Any CPU.ActiveCfg = Debug|Any CPU
		{A499779C-1B3B-48A8-B551-458E582E6E96}.Debug|Any CPU.Build.0 = Debug|Any CPU
		{A499779C-1B3B-48A8-B551-458E582E6E96}.Release|Any CPU.ActiveCfg = Release|Any CPU
		{A499779C-1B3B-48A8-B551-458E582E6E96}.Release|Any CPU.Build.0 = Release|Any CPU
		{9102ABDF-E537-4E46-B525-C9ED4833EED0}.Debug|Any CPU.ActiveCfg = Debug|Any CPU
		{9102ABDF-E537-4E46-B525-C9ED4833EED0}.Debug|Any CPU.Build.0 = Debug|Any CPU
		{9102ABDF-E537-4E46-B525-C9ED4833EED0}.Release|Any CPU.ActiveCfg = Release|Any CPU
		{9102ABDF-E537-4E46-B525-C9ED4833EED0}.Release|Any CPU.Build.0 = Release|Any CPU
		{79E4293D-C92C-4649-AEC8-F1EFD95BDEB1}.Debug|Any CPU.ActiveCfg = Debug|Any CPU
		{79E4293D-C92C-4649-AEC8-F1EFD95BDEB1}.Debug|Any CPU.Build.0 = Debug|Any CPU
		{79E4293D-C92C-4649-AEC8-F1EFD95BDEB1}.Release|Any CPU.ActiveCfg = Release|Any CPU
		{79E4293D-C92C-4649-AEC8-F1EFD95BDEB1}.Release|Any CPU.Build.0 = Release|Any CPU
	EndGlobalSection
	GlobalSection(SolutionProperties) = preSolution
		HideSolutionNode = FALSE
	EndGlobalSection
	GlobalSection(NestedProjects) = preSolution
		{227C3B55-80E5-4E7E-A802-BE16C5128B9D} = {2849E9D4-3B4E-40A3-A309-F3CB4F0E125F}
		{9E4C8A12-FBE0-4673-8CE2-DF99D5D57817} = {B5BD12C1-A454-435E-8A46-FF4A364C0382}
		{5D3B8245-ADA6-453F-A008-50ED04BFE770} = {B5BD12C1-A454-435E-8A46-FF4A364C0382}
		{E3F9F378-AFE1-40A5-90BD-82833375DBFE} = {227C3B55-80E5-4E7E-A802-BE16C5128B9D}
		{5B03EF4E-E0AC-4905-861B-8C3EC1A0D458} = {227C3B55-80E5-4E7E-A802-BE16C5128B9D}
		{53594E5B-64A2-4545-8367-E3627D266AE8} = {FD962632-184C-4005-A5F3-E705D92FC645}
		{3A33ADC9-C6C0-4DB1-A613-A9AF0210DF3D} = {B5BD12C1-A454-435E-8A46-FF4A364C0382}
		{C7311C00-2184-409B-B506-52A5FAEA8736} = {FD962632-184C-4005-A5F3-E705D92FC645}
		{FB5676ED-7A69-492C-B802-E7B24144C0FC} = {B5BD12C1-A454-435E-8A46-FF4A364C0382}
		{D6319409-777A-4BD0-93ED-B2DFD805B32C} = {B5BD12C1-A454-435E-8A46-FF4A364C0382}
		{A499779C-1B3B-48A8-B551-458E582E6E96} = {B5BD12C1-A454-435E-8A46-FF4A364C0382}
		{9102ABDF-E537-4E46-B525-C9ED4833EED0} = {B5BD12C1-A454-435E-8A46-FF4A364C0382}
	EndGlobalSection
	GlobalSection(ExtensibilityGlobals) = postSolution
		SolutionGuid = {7A0F2E34-D2AF-4DAB-86A0-7D7764B3D0EC}
	EndGlobalSection
EndGlobal
