
Microsoft Visual Studio Solution File, Format Version 11.00
# Visual Studio 2010
Project("{FAE04EC0-301F-11D3-BF4B-00C04F79EFBC}") = "Umbraco.MSBuild.Tasks", "Umbraco.MSBuild.Tasks\Umbraco.MSBuild.Tasks.csproj", "{68AC9679-2439-4DA9-86BC-E36579594EFB}"
EndProject
Global
	GlobalSection(SolutionConfigurationPlatforms) = preSolution
		Debug|Any CPU = Debug|Any CPU
		Release|Any CPU = Release|Any CPU
	EndGlobalSection
	GlobalSection(ProjectConfigurationPlatforms) = postSolution
		{68AC9679-2439-4DA9-86BC-E36579594EFB}.Debug|Any CPU.ActiveCfg = Debug|Any CPU
		{68AC9679-2439-4DA9-86BC-E36579594EFB}.Debug|Any CPU.Build.0 = Debug|Any CPU
		{68AC9679-2439-4DA9-86BC-E36579594EFB}.Release|Any CPU.ActiveCfg = Release|Any CPU
		{68AC9679-2439-4DA9-86BC-E36579594EFB}.Release|Any CPU.Build.0 = Release|Any CPU
	EndGlobalSection
	GlobalSection(SolutionProperties) = preSolution
		HideSolutionNode = FALSE
	EndGlobalSection
EndGlobal
